// !$*UTF8*$!
{
	archiveVersion = 1;
	classes = {
	};
	objectVersion = 56;
	objects = {

/* Begin PBXBuildFile section */
		371E940C2A87A1E00098280F /* GoalOnboardingView.swift in Sources */ = {isa = PBXBuildFile; fileRef = 371E940B2A87A1E00098280F /* GoalOnboardingView.swift */; };
		371E940E2A87A2030098280F /* GoalEditMypageView.swift in Sources */ = {isa = PBXBuildFile; fileRef = 371E940D2A87A2030098280F /* GoalEditMypageView.swift */; };
		371E94132A87A8660098280F /* GoalCollectionViewDataSource.swift in Sources */ = {isa = PBXBuildFile; fileRef = 371E94122A87A8660098280F /* GoalCollectionViewDataSource.swift */; };
		371E94162A87B83D0098280F /* NextButtonDelegate.swift in Sources */ = {isa = PBXBuildFile; fileRef = 371E94152A87B83D0098280F /* NextButtonDelegate.swift */; };
		371E94192A87DA960098280F /* EditGoalViewController.swift in Sources */ = {isa = PBXBuildFile; fileRef = 371E94182A87DA960098280F /* EditGoalViewController.swift */; };
		3728B8D12A2CFE0B00EF4CF8 /* DiaryStrategies.swift in Sources */ = {isa = PBXBuildFile; fileRef = 3728B8D02A2CFE0B00EF4CF8 /* DiaryStrategies.swift */; };
		3728B8D32A2CFED300EF4CF8 /* ForeignDiaryViewController.swift in Sources */ = {isa = PBXBuildFile; fileRef = 3728B8D22A2CFED300EF4CF8 /* ForeignDiaryViewController.swift */; };
		3728B8D52A2CFF2C00EF4CF8 /* StepOneKoreanDiaryViewController.swift in Sources */ = {isa = PBXBuildFile; fileRef = 3728B8D42A2CFF2C00EF4CF8 /* StepOneKoreanDiaryViewController.swift */; };
		3728B8D72A2CFF3A00EF4CF8 /* StepTwoKoreanDiaryViewController.swift in Sources */ = {isa = PBXBuildFile; fileRef = 3728B8D62A2CFF3A00EF4CF8 /* StepTwoKoreanDiaryViewController.swift */; };
		373E38592A2F889500DF96F0 /* DiaryDetailRandomSubjectView.swift in Sources */ = {isa = PBXBuildFile; fileRef = 373E38582A2F889500DF96F0 /* DiaryDetailRandomSubjectView.swift */; };
		374F828C2AC327A200C128B9 /* SmeemTextViewManager.swift in Sources */ = {isa = PBXBuildFile; fileRef = 374F828B2AC327A200C128B9 /* SmeemTextViewManager.swift */; };
		374F828E2AC5DFFE00C128B9 /* DiaryBottomView.swift in Sources */ = {isa = PBXBuildFile; fileRef = 374F828D2AC5DFFE00C128B9 /* DiaryBottomView.swift */; };
		374FAF812A2CACCF00237A1A /* DiaryViewController.swift in Sources */ = {isa = PBXBuildFile; fileRef = 374FAF802A2CACCF00237A1A /* DiaryViewController.swift */; };
		3761116C2A278D0E0095EC5A /* String+.swift in Sources */ = {isa = PBXBuildFile; fileRef = 3761116B2A278D0E0095EC5A /* String+.swift */; };
		379789032AAC705B00C61EF4 /* NavigationBarActionDelegate.swift in Sources */ = {isa = PBXBuildFile; fileRef = 379789022AAC705B00C61EF4 /* NavigationBarActionDelegate.swift */; };
		379789052AAC706800C61EF4 /* SmeemNavigationFactory.swift in Sources */ = {isa = PBXBuildFile; fileRef = 379789042AAC706800C61EF4 /* SmeemNavigationFactory.swift */; };
		379789072AAC707700C61EF4 /* NavigationBarType.swift in Sources */ = {isa = PBXBuildFile; fileRef = 379789062AAC707700C61EF4 /* NavigationBarType.swift */; };
		3797891C2AAE11D400C61EF4 /* NavigationBarConfigurationBuilder.swift in Sources */ = {isa = PBXBuildFile; fileRef = 3797891B2AAE11D400C61EF4 /* NavigationBarConfigurationBuilder.swift */; };
		37A271642AA6078C001FFC38 /* SmeemNavigationBar.swift in Sources */ = {isa = PBXBuildFile; fileRef = 37A271632AA6078C001FFC38 /* SmeemNavigationBar.swift */; };
		37A574C129FF6E9100312453 /* ColorLiterals.swift in Sources */ = {isa = PBXBuildFile; fileRef = 37A574C029FF6E9100312453 /* ColorLiterals.swift */; };
		37A574C329FF6E9C00312453 /* Constant.swift in Sources */ = {isa = PBXBuildFile; fileRef = 37A574C229FF6E9C00312453 /* Constant.swift */; };
		37A574C529FF6EA800312453 /* FontLiterals.swift in Sources */ = {isa = PBXBuildFile; fileRef = 37A574C429FF6EA800312453 /* FontLiterals.swift */; };
		37A574C829FF6F1C00312453 /* UIView+.swift in Sources */ = {isa = PBXBuildFile; fileRef = 37A574C729FF6F1C00312453 /* UIView+.swift */; };
		37A574CA29FF980F00312453 /* UIStackView+.swift in Sources */ = {isa = PBXBuildFile; fileRef = 37A574C929FF980F00312453 /* UIStackView+.swift */; };
		37A574CC29FF990E00312453 /* UIViewController+.swift in Sources */ = {isa = PBXBuildFile; fileRef = 37A574CB29FF990E00312453 /* UIViewController+.swift */; };
		37A574CE29FF9A2D00312453 /* UIScreen+.swift in Sources */ = {isa = PBXBuildFile; fileRef = 37A574CD29FF9A2D00312453 /* UIScreen+.swift */; };
		37A574D029FF9AEE00312453 /* UILabel+.swift in Sources */ = {isa = PBXBuildFile; fileRef = 37A574CF29FF9AEE00312453 /* UILabel+.swift */; };
		37A574D929FF9FFF00312453 /* Pretendard-SemiBold.otf in Resources */ = {isa = PBXBuildFile; fileRef = 37A574D529FF9FFF00312453 /* Pretendard-SemiBold.otf */; };
		37A574DA29FF9FFF00312453 /* Pretendard-Regular.otf in Resources */ = {isa = PBXBuildFile; fileRef = 37A574D629FF9FFF00312453 /* Pretendard-Regular.otf */; };
		37A574DB29FF9FFF00312453 /* Pretendard-Medium.otf in Resources */ = {isa = PBXBuildFile; fileRef = 37A574D729FF9FFF00312453 /* Pretendard-Medium.otf */; };
		37A574DC29FF9FFF00312453 /* Pretendard-Bold.otf in Resources */ = {isa = PBXBuildFile; fileRef = 37A574D829FF9FFF00312453 /* Pretendard-Bold.otf */; };
		37A574E02A00CDCD00312453 /* SeparationLine.swift in Sources */ = {isa = PBXBuildFile; fileRef = 37A574DF2A00CDCD00312453 /* SeparationLine.swift */; };
		37A574E62A02178D00312453 /* SmeemToastView.swift in Sources */ = {isa = PBXBuildFile; fileRef = 37A574E52A02178D00312453 /* SmeemToastView.swift */; };
		37A574E82A02424F00312453 /* RandomSubjectView.swift in Sources */ = {isa = PBXBuildFile; fileRef = 37A574E72A02424F00312453 /* RandomSubjectView.swift */; };
		37B360AA2AC2A4680006C8ED /* SmeemTextView.swift in Sources */ = {isa = PBXBuildFile; fileRef = 37B360A92AC2A4680006C8ED /* SmeemTextView.swift */; };
		37DCA6572A47574300FF8F90 /* RandomSubjectAPI.swift in Sources */ = {isa = PBXBuildFile; fileRef = 37DCA6562A47574300FF8F90 /* RandomSubjectAPI.swift */; };
		37DCA65A2A47598700FF8F90 /* RandomSubjectService.swift in Sources */ = {isa = PBXBuildFile; fileRef = 37DCA6592A47598700FF8F90 /* RandomSubjectService.swift */; };
		37DCA65D2A475B5100FF8F90 /* RandomSubjectResponse.swift in Sources */ = {isa = PBXBuildFile; fileRef = 37DCA65C2A475B5100FF8F90 /* RandomSubjectResponse.swift */; };
		37DCA6602A48033400FF8F90 /* DetailDiaryViewController.swift in Sources */ = {isa = PBXBuildFile; fileRef = 37DCA65F2A48033400FF8F90 /* DetailDiaryViewController.swift */; };
		37DCA6652A48052200FF8F90 /* DetailDiaryResponse.swift in Sources */ = {isa = PBXBuildFile; fileRef = 37DCA6642A48052200FF8F90 /* DetailDiaryResponse.swift */; };
		37DCA6672A480A7300FF8F90 /* DetailDiaryService.swift in Sources */ = {isa = PBXBuildFile; fileRef = 37DCA6662A480A7300FF8F90 /* DetailDiaryService.swift */; };
		37DCA6692A480A8E00FF8F90 /* DetailDiaryAPI.swift in Sources */ = {isa = PBXBuildFile; fileRef = 37DCA6682A480A8E00FF8F90 /* DetailDiaryAPI.swift */; };
		37DCA66E2A484D3100FF8F90 /* PostDiaryResponse.swift in Sources */ = {isa = PBXBuildFile; fileRef = 37DCA66D2A484D3100FF8F90 /* PostDiaryResponse.swift */; };
		37DCA6702A484D3700FF8F90 /* PostDiaryRequest.swift in Sources */ = {isa = PBXBuildFile; fileRef = 37DCA66F2A484D3700FF8F90 /* PostDiaryRequest.swift */; };
		37DCA6722A484D5000FF8F90 /* PostDiaryService.swift in Sources */ = {isa = PBXBuildFile; fileRef = 37DCA6712A484D5000FF8F90 /* PostDiaryService.swift */; };
		37DCA6742A484D5900FF8F90 /* PostDiaryAPI.swift in Sources */ = {isa = PBXBuildFile; fileRef = 37DCA6732A484D5900FF8F90 /* PostDiaryAPI.swift */; };
		37DCA6782A488CEB00FF8F90 /* PapagoResponse.swift in Sources */ = {isa = PBXBuildFile; fileRef = 37DCA6772A488CEB00FF8F90 /* PapagoResponse.swift */; };
		37DCA67A2A4891BD00FF8F90 /* PapagoAPI.swift in Sources */ = {isa = PBXBuildFile; fileRef = 37DCA6792A4891BD00FF8F90 /* PapagoAPI.swift */; };
		37DCA67C2A48927400FF8F90 /* PapagoService.swift in Sources */ = {isa = PBXBuildFile; fileRef = 37DCA67B2A48927400FF8F90 /* PapagoService.swift */; };
		37EB69E62A4B3BC400075E4E /* DataBindProtocol.swift in Sources */ = {isa = PBXBuildFile; fileRef = 37EB69E52A4B3BC400075E4E /* DataBindProtocol.swift */; };
		4A0123552AAA087D00E09646 /* BaseResponse.swift in Sources */ = {isa = PBXBuildFile; fileRef = 4A0123542AAA087D00E09646 /* BaseResponse.swift */; };
		4A0123572AAA088C00E09646 /* NetworkError.swift in Sources */ = {isa = PBXBuildFile; fileRef = 4A0123562AAA088C00E09646 /* NetworkError.swift */; };
		4A0123592AAA0DEC00E09646 /* NetworkRequest.swift in Sources */ = {isa = PBXBuildFile; fileRef = 4A0123582AAA0DEC00E09646 /* NetworkRequest.swift */; };
		4A01235B2AAA178500E09646 /* HttpMethod.swift in Sources */ = {isa = PBXBuildFile; fileRef = 4A01235A2AAA178500E09646 /* HttpMethod.swift */; };
		4A01235D2AAA2BFA00E09646 /* ViewControllerServiceable.swift in Sources */ = {isa = PBXBuildFile; fileRef = 4A01235C2AAA2BFA00E09646 /* ViewControllerServiceable.swift */; };
		4A01235F2AAA2C1500E09646 /* SmeemLoadingView.swift in Sources */ = {isa = PBXBuildFile; fileRef = 4A01235E2AAA2C1500E09646 /* SmeemLoadingView.swift */; };
		4A0E8D5829F8362E00E0FC23 /* AuthViewController.swift in Sources */ = {isa = PBXBuildFile; fileRef = 4A0E8D5729F8362E00E0FC23 /* AuthViewController.swift */; };
		4A0EA2882AC3265D00EB4098 /* NicknameValidEndPoint.swift in Sources */ = {isa = PBXBuildFile; fileRef = 4A0EA2872AC3265D00EB4098 /* NicknameValidEndPoint.swift */; };
		4A0EA28A2AC32A6C00EB4098 /* NicknameValidServiceImpl.swift in Sources */ = {isa = PBXBuildFile; fileRef = 4A0EA2892AC32A6C00EB4098 /* NicknameValidServiceImpl.swift */; };
		4A0EA28C2AC32BF800EB4098 /* NicknameValidManagerImpl.swift in Sources */ = {isa = PBXBuildFile; fileRef = 4A0EA28B2AC32BF800EB4098 /* NicknameValidManagerImpl.swift */; };
		4A0EA4552A014027006CCE52 /* GeneralResponse.swift in Sources */ = {isa = PBXBuildFile; fileRef = 4A0EA4542A014027006CCE52 /* GeneralResponse.swift */; };
		4A0EA4572A01403E006CCE52 /* MoyaLoggingPlugin.swift in Sources */ = {isa = PBXBuildFile; fileRef = 4A0EA4562A01403E006CCE52 /* MoyaLoggingPlugin.swift */; };
		4A0EA4592A014103006CCE52 /* URLConstant.swift in Sources */ = {isa = PBXBuildFile; fileRef = 4A0EA4582A014103006CCE52 /* URLConstant.swift */; };
		4A0EA4642A014710006CCE52 /* SmeemButton.swift in Sources */ = {isa = PBXBuildFile; fileRef = 4A0EA4632A014710006CCE52 /* SmeemButton.swift */; };
		4A1882FA2A8BBD0D0088F590 /* SmeemStartViewController.swift in Sources */ = {isa = PBXBuildFile; fileRef = 4AD923E62A0650B600FF5E27 /* SmeemStartViewController.swift */; };
		4A3373F52A45BF6600EFE6C4 /* OnboardingService.swift in Sources */ = {isa = PBXBuildFile; fileRef = 4A3373F42A45BF6600EFE6C4 /* OnboardingService.swift */; };
		4A3373F82A461ABC00EFE6C4 /* OnboardingAPI.swift in Sources */ = {isa = PBXBuildFile; fileRef = 4A3373F72A461ABC00EFE6C4 /* OnboardingAPI.swift */; };
		4A3774822A42DF4500357DD1 /* NetworkHeader.swift in Sources */ = {isa = PBXBuildFile; fileRef = 4A3774812A42DF4500357DD1 /* NetworkHeader.swift */; };
		4A3774842A42E6EA00357DD1 /* SharedConstant.swift in Sources */ = {isa = PBXBuildFile; fileRef = 4A3774832A42E6EA00357DD1 /* SharedConstant.swift */; };
		4A37748A2A433A6500357DD1 /* OnboardingModel.swift in Sources */ = {isa = PBXBuildFile; fileRef = 4A3774892A433A6500357DD1 /* OnboardingModel.swift */; };
		4A3F2E972A0ABBAA00F6AC60 /* AlarmCollectionViewCell.swift in Sources */ = {isa = PBXBuildFile; fileRef = 4A3F2E962A0ABBAA00F6AC60 /* AlarmCollectionViewCell.swift */; };
		4A3F2E9C2A0B4C7100F6AC60 /* AlarmCollectionView.swift in Sources */ = {isa = PBXBuildFile; fileRef = 4A3F2E9B2A0B4C7100F6AC60 /* AlarmCollectionView.swift */; };
		4A3F2EA02A0C18B600F6AC60 /* DatePickerFooterView.swift in Sources */ = {isa = PBXBuildFile; fileRef = 4A3F2E9F2A0C18B600F6AC60 /* DatePickerFooterView.swift */; };
		4A47164F29F907FE00CBE9C8 /* Shared.xcconfig in Resources */ = {isa = PBXBuildFile; fileRef = 4A47164E29F907FE00CBE9C8 /* Shared.xcconfig */; };
		4A6630362A51B0AD00D19CC9 /* EditDiaryViewController.swift in Sources */ = {isa = PBXBuildFile; fileRef = 4A6630352A51B0AD00D19CC9 /* EditDiaryViewController.swift */; };
		4A6630392A51E04600D19CC9 /* PatchDiaryRequest.swift in Sources */ = {isa = PBXBuildFile; fileRef = 4A6630382A51E04600D19CC9 /* PatchDiaryRequest.swift */; };
		4A7BE75D2ABB4B9800070E83 /* BaseEndPoint.swift in Sources */ = {isa = PBXBuildFile; fileRef = 4A7BE75C2ABB4B9800070E83 /* BaseEndPoint.swift */; };
		4A7BE7612ABB5BC800070E83 /* Requestable.swift in Sources */ = {isa = PBXBuildFile; fileRef = 4A7BE7602ABB5BC800070E83 /* Requestable.swift */; };
		4A8FFA5029C9E1FD00FB76C0 /* AppDelegate.swift in Sources */ = {isa = PBXBuildFile; fileRef = 4A8FFA4F29C9E1FD00FB76C0 /* AppDelegate.swift */; };
		4A8FFA5229C9E1FD00FB76C0 /* SceneDelegate.swift in Sources */ = {isa = PBXBuildFile; fileRef = 4A8FFA5129C9E1FD00FB76C0 /* SceneDelegate.swift */; };
		4A8FFA5929C9E1FE00FB76C0 /* Assets.xcassets in Resources */ = {isa = PBXBuildFile; fileRef = 4A8FFA5829C9E1FE00FB76C0 /* Assets.xcassets */; };
		4A8FFA5C29C9E1FE00FB76C0 /* LaunchScreen.storyboard in Resources */ = {isa = PBXBuildFile; fileRef = 4A8FFA5A29C9E1FE00FB76C0 /* LaunchScreen.storyboard */; };
		4A9E10E42A43468600295D07 /* BaseTargetType.swift in Sources */ = {isa = PBXBuildFile; fileRef = 4A9E10E32A43468600295D07 /* BaseTargetType.swift */; };
		4A9FAB452A4C3D1200C40D5A /* BadgeListViewController.swift in Sources */ = {isa = PBXBuildFile; fileRef = 4A9FAB3E2A4C3D1200C40D5A /* BadgeListViewController.swift */; };
		4A9FAB462A4C3D1200C40D5A /* BadgeModel.swift in Sources */ = {isa = PBXBuildFile; fileRef = 4A9FAB402A4C3D1200C40D5A /* BadgeModel.swift */; };
		4A9FAB472A4C3D1200C40D5A /* BadgeListTableViewCell.swift in Sources */ = {isa = PBXBuildFile; fileRef = 4A9FAB422A4C3D1200C40D5A /* BadgeListTableViewCell.swift */; };
		4A9FAB482A4C3D1200C40D5A /* BadgeHeaderView.swift in Sources */ = {isa = PBXBuildFile; fileRef = 4A9FAB432A4C3D1200C40D5A /* BadgeHeaderView.swift */; };
		4A9FAB492A4C3D1200C40D5A /* DetailBadgeCollectionViewCell.swift in Sources */ = {isa = PBXBuildFile; fileRef = 4A9FAB442A4C3D1200C40D5A /* DetailBadgeCollectionViewCell.swift */; };
		4AA1EEEA2A5873A00017FF97 /* Urbanist-SemiBold.otf in Resources */ = {isa = PBXBuildFile; fileRef = 4AA1EEE92A5870690017FF97 /* Urbanist-SemiBold.otf */; };
		4AA626652AC1B6B000F31AAE /* MyPageEndPoint.swift in Sources */ = {isa = PBXBuildFile; fileRef = 4AA626642AC1B6B000F31AAE /* MyPageEndPoint.swift */; };
		4AA626672AC1B92D00F31AAE /* MyPageServiceImpl.swift in Sources */ = {isa = PBXBuildFile; fileRef = 4AA626662AC1B92D00F31AAE /* MyPageServiceImpl.swift */; };
		4AA626692AC1BB9200F31AAE /* MyPageManagerImpl.swift in Sources */ = {isa = PBXBuildFile; fileRef = 4AA626682AC1BB9200F31AAE /* MyPageManagerImpl.swift */; };
		4AA6266B2AC1BD9800F31AAE /* MyPageAuthEndPoint.swift in Sources */ = {isa = PBXBuildFile; fileRef = 4AA6266A2AC1BD9800F31AAE /* MyPageAuthEndPoint.swift */; };
		4AA6266D2AC1C2AF00F31AAE /* MyPageAuthServiceImpl.swift in Sources */ = {isa = PBXBuildFile; fileRef = 4AA6266C2AC1C2AF00F31AAE /* MyPageAuthServiceImpl.swift */; };
		4AA6266F2AC1C2C700F31AAE /* MyPageAuthManagerImpl.swift in Sources */ = {isa = PBXBuildFile; fileRef = 4AA6266E2AC1C2C700F31AAE /* MyPageAuthManagerImpl.swift */; };
		4AA942C22A2767D000A552A0 /* FSCalendar in Frameworks */ = {isa = PBXBuildFile; productRef = 4AA942C12A2767D000A552A0 /* FSCalendar */; };
		4AA942C52A2767D900A552A0 /* SnapKit in Frameworks */ = {isa = PBXBuildFile; productRef = 4AA942C42A2767D900A552A0 /* SnapKit */; };
		4AA942CD2A276A9F00A552A0 /* Moya in Frameworks */ = {isa = PBXBuildFile; productRef = 4AA942CC2A276A9F00A552A0 /* Moya */; };
		4AA942D02A276AFF00A552A0 /* FirebaseAnalyticsWithoutAdIdSupport in Frameworks */ = {isa = PBXBuildFile; productRef = 4AA942CF2A276AFF00A552A0 /* FirebaseAnalyticsWithoutAdIdSupport */; };
		4AA942D22A276AFF00A552A0 /* FirebaseMessaging in Frameworks */ = {isa = PBXBuildFile; productRef = 4AA942D12A276AFF00A552A0 /* FirebaseMessaging */; };
		4AA942D52A276C7900A552A0 /* KakaoSDKAuth in Frameworks */ = {isa = PBXBuildFile; productRef = 4AA942D42A276C7900A552A0 /* KakaoSDKAuth */; };
		4AA942D72A276C7900A552A0 /* KakaoSDKCommon in Frameworks */ = {isa = PBXBuildFile; productRef = 4AA942D62A276C7900A552A0 /* KakaoSDKCommon */; };
		4AA942D92A276C7900A552A0 /* KakaoSDKUser in Frameworks */ = {isa = PBXBuildFile; productRef = 4AA942D82A276C7900A552A0 /* KakaoSDKUser */; };
		4AB6FEBA2AC02CAF0060E8CA /* SplashManagerImpl.swift in Sources */ = {isa = PBXBuildFile; fileRef = 4AB6FEB92AC02CAF0060E8CA /* SplashManagerImpl.swift */; };
		4AB6FEBC2AC02D250060E8CA /* SplashServiceImpl.swift in Sources */ = {isa = PBXBuildFile; fileRef = 4AB6FEBB2AC02D250060E8CA /* SplashServiceImpl.swift */; };
		4AB6FEBE2AC03C9E0060E8CA /* SplashEndPoint.swift in Sources */ = {isa = PBXBuildFile; fileRef = 4AB6FEBD2AC03C9E0060E8CA /* SplashEndPoint.swift */; };
		4AB8ED802AC2B00C00177106 /* MyPageEditEndPoint.swift in Sources */ = {isa = PBXBuildFile; fileRef = 4AB8ED7F2AC2B00C00177106 /* MyPageEditEndPoint.swift */; };
		4AB8ED822AC2DFFD00177106 /* MyPageEditServiceImpl.swift in Sources */ = {isa = PBXBuildFile; fileRef = 4AB8ED812AC2DFFD00177106 /* MyPageEditServiceImpl.swift */; };
		4AB8ED842AC2E8DD00177106 /* MyPageEditManagerImpl.swift in Sources */ = {isa = PBXBuildFile; fileRef = 4AB8ED832AC2E8DD00177106 /* MyPageEditManagerImpl.swift */; };
		4ABE3FD12A811F8400D1D22E /* SplashViewController.swift in Sources */ = {isa = PBXBuildFile; fileRef = 4ABE3FD02A811F8400D1D22E /* SplashViewController.swift */; };
		4AC047252A8FCAE100EBDC0E /* AuthManagementViewController.swift in Sources */ = {isa = PBXBuildFile; fileRef = 4AC047242A8FCAE100EBDC0E /* AuthManagementViewController.swift */; };
		4AC4B82D2A2F9FE200E147AA /* UserDefaultsManager.swift in Sources */ = {isa = PBXBuildFile; fileRef = 4AC4B82C2A2F9FE200E147AA /* UserDefaultsManager.swift */; };
		4AC9489829ED800800489C2B /* GoogleService-Info.plist in Resources */ = {isa = PBXBuildFile; fileRef = 4AC9489729ED800800489C2B /* GoogleService-Info.plist */; };
		4AD04B3B2A1905BB004B7A58 /* DiaryScrollerView.swift in Sources */ = {isa = PBXBuildFile; fileRef = 4AD04B3A2A1905BB004B7A58 /* DiaryScrollerView.swift */; };
		4AD04B3D2A190E9A004B7A58 /* UITextView+.swift in Sources */ = {isa = PBXBuildFile; fileRef = 4AD04B3C2A190E9A004B7A58 /* UITextView+.swift */; };
		4AD04B402A1921AE004B7A58 /* CorrectionViewController.swift in Sources */ = {isa = PBXBuildFile; fileRef = 4AD04B3F2A1921AE004B7A58 /* CorrectionViewController.swift */; };
		4AD923E92A0692C600FF5E27 /* LoginBottomSheetViewController.swift in Sources */ = {isa = PBXBuildFile; fileRef = 4AD923E82A0692C600FF5E27 /* LoginBottomSheetViewController.swift */; };
		4AD923EB2A0692EA00FF5E27 /* BottomSheetView.swift in Sources */ = {isa = PBXBuildFile; fileRef = 4AD923EA2A0692EA00FF5E27 /* BottomSheetView.swift */; };
		4ADA41772A556209001C0285 /* LoadingView.swift in Sources */ = {isa = PBXBuildFile; fileRef = 4ADA41762A556209001C0285 /* LoadingView.swift */; };
		4ADCA2D62A9272E9002904EB /* EditAlarmViewController.swift in Sources */ = {isa = PBXBuildFile; fileRef = 4ADCA2D52A9272E9002904EB /* EditAlarmViewController.swift */; };
		4AE35E9C2A7FDC4200465FD5 /* ServiceAcceptTotalCollectionViewCell.swift in Sources */ = {isa = PBXBuildFile; fileRef = 4AE35E9B2A7FDC4200465FD5 /* ServiceAcceptTotalCollectionViewCell.swift */; };
		4AE35E9E2A7FE8CE00465FD5 /* UICollectionViewCell+.swift in Sources */ = {isa = PBXBuildFile; fileRef = 4AE35E9D2A7FE8CE00465FD5 /* UICollectionViewCell+.swift */; };
		4AEB82952A4CB4F200C1114B /* BadgePopupViewController.swift in Sources */ = {isa = PBXBuildFile; fileRef = 4AEB82942A4CB4F100C1114B /* BadgePopupViewController.swift */; };
		4AF1D2AA2AC06D41004C3AB7 /* LoginEndPoint.swift in Sources */ = {isa = PBXBuildFile; fileRef = 4AF1D2A92AC06D41004C3AB7 /* LoginEndPoint.swift */; };
		4AF1D2AC2AC06F81004C3AB7 /* LoginManagerImpl.swift in Sources */ = {isa = PBXBuildFile; fileRef = 4AF1D2AB2AC06F81004C3AB7 /* LoginManagerImpl.swift */; };
		4AF1D2AE2AC06FA1004C3AB7 /* LoginServiceImpl.swift in Sources */ = {isa = PBXBuildFile; fileRef = 4AF1D2AD2AC06FA1004C3AB7 /* LoginServiceImpl.swift */; };
		4AF1D2B02AC08090004C3AB7 /* Encodable+.swift in Sources */ = {isa = PBXBuildFile; fileRef = 4AF1D2AF2AC08090004C3AB7 /* Encodable+.swift */; };
		4AF58CE92A4820AA00305248 /* AuthModel.swift in Sources */ = {isa = PBXBuildFile; fileRef = 4AF58CE82A4820AA00305248 /* AuthModel.swift */; };
		4AF9E3F62AC4156000104768 /* NicknameModel.swift in Sources */ = {isa = PBXBuildFile; fileRef = 4AF9E3F52AC4156000104768 /* NicknameModel.swift */; };
		4AF9E3F92AC415C100104768 /* PlanModel.swift in Sources */ = {isa = PBXBuildFile; fileRef = 4AF9E3F82AC415C100104768 /* PlanModel.swift */; };
		6F294A3E2A26177B00856CC8 /* GoalViewController.swift in Sources */ = {isa = PBXBuildFile; fileRef = 4AF507742A10CD4D007C62B1 /* GoalViewController.swift */; };
		6F294A3F2A26177E00856CC8 /* GoalCollectionViewCell.swift in Sources */ = {isa = PBXBuildFile; fileRef = 4AF507762A10CD96007C62B1 /* GoalCollectionViewCell.swift */; };
		6F294A402A26178300856CC8 /* HowOnboardingViewController.swift in Sources */ = {isa = PBXBuildFile; fileRef = 4AEFD4C42A136EE100DAB2BD /* HowOnboardingViewController.swift */; };
		6F294A412A26178600856CC8 /* AlarmSettingViewController.swift in Sources */ = {isa = PBXBuildFile; fileRef = 4AEFD4C72A13908E00DAB2BD /* AlarmSettingViewController.swift */; };
		6F294A422A26178C00856CC8 /* UserNickNameViewController.swift in Sources */ = {isa = PBXBuildFile; fileRef = 4A13B7582A13D37000F4FB1E /* UserNickNameViewController.swift */; };
		6F294A432A26179700856CC8 /* ServiceAcceptViewController.swift in Sources */ = {isa = PBXBuildFile; fileRef = 4A8275D22A1513120083A4AB /* ServiceAcceptViewController.swift */; };
		6F294A442A26179900856CC8 /* ServiceAcceptCollectionViewCell.swift in Sources */ = {isa = PBXBuildFile; fileRef = 4A8275D42A1519550083A4AB /* ServiceAcceptCollectionViewCell.swift */; };
		6F294A452A2617B000856CC8 /* UITextField+.swift in Sources */ = {isa = PBXBuildFile; fileRef = 4AD04B382A190020004B7A58 /* UITextField+.swift */; };
		6F294A462A2617D500856CC8 /* HowLearningView.swift in Sources */ = {isa = PBXBuildFile; fileRef = 4AEFD4C92A1392DF00DAB2BD /* HowLearningView.swift */; };
		6F294A482A27818200856CC8 /* HomeViewFloatingViewController.swift in Sources */ = {isa = PBXBuildFile; fileRef = 6F294A472A27818200856CC8 /* HomeViewFloatingViewController.swift */; };
		6F31802F2A24D1DB00089870 /* CalendarCell.swift in Sources */ = {isa = PBXBuildFile; fileRef = 6F31802E2A24D1DB00089870 /* CalendarCell.swift */; };
		6F62668C2A04EA3B000365CD /* HomeViewController.swift in Sources */ = {isa = PBXBuildFile; fileRef = 6F62668B2A04EA3B000365CD /* HomeViewController.swift */; };
		6FBC856B2A4B1F9200A43F98 /* MyPageViewController.swift in Sources */ = {isa = PBXBuildFile; fileRef = 6FBC856A2A4B1F9200A43F98 /* MyPageViewController.swift */; };
		6FBC85742A4B603A00A43F98 /* MyPageModel.swift in Sources */ = {isa = PBXBuildFile; fileRef = 6FBC85732A4B603A00A43F98 /* MyPageModel.swift */; };
		6FE1298A2A4982DA005536C4 /* HomeAPI.swift in Sources */ = {isa = PBXBuildFile; fileRef = 6FE129892A4982DA005536C4 /* HomeAPI.swift */; };
		6FE1298C2A498338005536C4 /* HomeService.swift in Sources */ = {isa = PBXBuildFile; fileRef = 6FE1298B2A498338005536C4 /* HomeService.swift */; };
		6FE1298E2A4986CA005536C4 /* HomeDiaryResponse.swift in Sources */ = {isa = PBXBuildFile; fileRef = 6FE1298D2A4986CA005536C4 /* HomeDiaryResponse.swift */; };
		6FE129902A49A5A6005536C4 /* Date+.swift in Sources */ = {isa = PBXBuildFile; fileRef = 6FE1298F2A49A5A6005536C4 /* Date+.swift */; };
		A301B0A22A30720F006BE0BA /* Kingfisher in Frameworks */ = {isa = PBXBuildFile; productRef = A301B0A12A30720F006BE0BA /* Kingfisher */; };
		A3D7ECB72A26566A009857D6 /* EditNicknameViewController.swift in Sources */ = {isa = PBXBuildFile; fileRef = A3D7ECB62A26566A009857D6 /* EditNicknameViewController.swift */; };
/* End PBXBuildFile section */

/* Begin PBXFileReference section */
		371E940B2A87A1E00098280F /* GoalOnboardingView.swift */ = {isa = PBXFileReference; lastKnownFileType = sourcecode.swift; path = GoalOnboardingView.swift; sourceTree = "<group>"; };
		371E940D2A87A2030098280F /* GoalEditMypageView.swift */ = {isa = PBXFileReference; lastKnownFileType = sourcecode.swift; path = GoalEditMypageView.swift; sourceTree = "<group>"; };
		371E94122A87A8660098280F /* GoalCollectionViewDataSource.swift */ = {isa = PBXFileReference; lastKnownFileType = sourcecode.swift; path = GoalCollectionViewDataSource.swift; sourceTree = "<group>"; };
		371E94152A87B83D0098280F /* NextButtonDelegate.swift */ = {isa = PBXFileReference; lastKnownFileType = sourcecode.swift; path = NextButtonDelegate.swift; sourceTree = "<group>"; };
		371E94182A87DA960098280F /* EditGoalViewController.swift */ = {isa = PBXFileReference; lastKnownFileType = sourcecode.swift; path = EditGoalViewController.swift; sourceTree = "<group>"; };
		3728B8D02A2CFE0B00EF4CF8 /* DiaryStrategies.swift */ = {isa = PBXFileReference; lastKnownFileType = sourcecode.swift; path = DiaryStrategies.swift; sourceTree = "<group>"; };
		3728B8D22A2CFED300EF4CF8 /* ForeignDiaryViewController.swift */ = {isa = PBXFileReference; lastKnownFileType = sourcecode.swift; path = ForeignDiaryViewController.swift; sourceTree = "<group>"; };
		3728B8D42A2CFF2C00EF4CF8 /* StepOneKoreanDiaryViewController.swift */ = {isa = PBXFileReference; lastKnownFileType = sourcecode.swift; path = StepOneKoreanDiaryViewController.swift; sourceTree = "<group>"; };
		3728B8D62A2CFF3A00EF4CF8 /* StepTwoKoreanDiaryViewController.swift */ = {isa = PBXFileReference; lastKnownFileType = sourcecode.swift; path = StepTwoKoreanDiaryViewController.swift; sourceTree = "<group>"; };
		373E38582A2F889500DF96F0 /* DiaryDetailRandomSubjectView.swift */ = {isa = PBXFileReference; lastKnownFileType = sourcecode.swift; path = DiaryDetailRandomSubjectView.swift; sourceTree = "<group>"; };
		374F828B2AC327A200C128B9 /* SmeemTextViewManager.swift */ = {isa = PBXFileReference; lastKnownFileType = sourcecode.swift; path = SmeemTextViewManager.swift; sourceTree = "<group>"; };
		374F828D2AC5DFFE00C128B9 /* DiaryBottomView.swift */ = {isa = PBXFileReference; lastKnownFileType = sourcecode.swift; path = DiaryBottomView.swift; sourceTree = "<group>"; };
		374FAF802A2CACCF00237A1A /* DiaryViewController.swift */ = {isa = PBXFileReference; lastKnownFileType = sourcecode.swift; path = DiaryViewController.swift; sourceTree = "<group>"; };
		3761116B2A278D0E0095EC5A /* String+.swift */ = {isa = PBXFileReference; fileEncoding = 4; lastKnownFileType = sourcecode.swift; path = "String+.swift"; sourceTree = "<group>"; };
		379789022AAC705B00C61EF4 /* NavigationBarActionDelegate.swift */ = {isa = PBXFileReference; lastKnownFileType = sourcecode.swift; path = NavigationBarActionDelegate.swift; sourceTree = "<group>"; };
		379789042AAC706800C61EF4 /* SmeemNavigationFactory.swift */ = {isa = PBXFileReference; lastKnownFileType = sourcecode.swift; path = SmeemNavigationFactory.swift; sourceTree = "<group>"; };
		379789062AAC707700C61EF4 /* NavigationBarType.swift */ = {isa = PBXFileReference; lastKnownFileType = sourcecode.swift; path = NavigationBarType.swift; sourceTree = "<group>"; };
		3797891B2AAE11D400C61EF4 /* NavigationBarConfigurationBuilder.swift */ = {isa = PBXFileReference; lastKnownFileType = sourcecode.swift; path = NavigationBarConfigurationBuilder.swift; sourceTree = "<group>"; };
		37A271632AA6078C001FFC38 /* SmeemNavigationBar.swift */ = {isa = PBXFileReference; lastKnownFileType = sourcecode.swift; path = SmeemNavigationBar.swift; sourceTree = "<group>"; };
		37A574C029FF6E9100312453 /* ColorLiterals.swift */ = {isa = PBXFileReference; lastKnownFileType = sourcecode.swift; path = ColorLiterals.swift; sourceTree = "<group>"; };
		37A574C229FF6E9C00312453 /* Constant.swift */ = {isa = PBXFileReference; lastKnownFileType = sourcecode.swift; path = Constant.swift; sourceTree = "<group>"; };
		37A574C429FF6EA800312453 /* FontLiterals.swift */ = {isa = PBXFileReference; lastKnownFileType = sourcecode.swift; path = FontLiterals.swift; sourceTree = "<group>"; };
		37A574C729FF6F1C00312453 /* UIView+.swift */ = {isa = PBXFileReference; lastKnownFileType = sourcecode.swift; path = "UIView+.swift"; sourceTree = "<group>"; };
		37A574C929FF980F00312453 /* UIStackView+.swift */ = {isa = PBXFileReference; lastKnownFileType = sourcecode.swift; path = "UIStackView+.swift"; sourceTree = "<group>"; };
		37A574CB29FF990E00312453 /* UIViewController+.swift */ = {isa = PBXFileReference; lastKnownFileType = sourcecode.swift; path = "UIViewController+.swift"; sourceTree = "<group>"; };
		37A574CD29FF9A2D00312453 /* UIScreen+.swift */ = {isa = PBXFileReference; lastKnownFileType = sourcecode.swift; path = "UIScreen+.swift"; sourceTree = "<group>"; };
		37A574CF29FF9AEE00312453 /* UILabel+.swift */ = {isa = PBXFileReference; lastKnownFileType = sourcecode.swift; path = "UILabel+.swift"; sourceTree = "<group>"; };
		37A574D529FF9FFF00312453 /* Pretendard-SemiBold.otf */ = {isa = PBXFileReference; lastKnownFileType = file; path = "Pretendard-SemiBold.otf"; sourceTree = "<group>"; };
		37A574D629FF9FFF00312453 /* Pretendard-Regular.otf */ = {isa = PBXFileReference; lastKnownFileType = file; path = "Pretendard-Regular.otf"; sourceTree = "<group>"; };
		37A574D729FF9FFF00312453 /* Pretendard-Medium.otf */ = {isa = PBXFileReference; lastKnownFileType = file; path = "Pretendard-Medium.otf"; sourceTree = "<group>"; };
		37A574D829FF9FFF00312453 /* Pretendard-Bold.otf */ = {isa = PBXFileReference; lastKnownFileType = file; path = "Pretendard-Bold.otf"; sourceTree = "<group>"; };
		37A574DF2A00CDCD00312453 /* SeparationLine.swift */ = {isa = PBXFileReference; lastKnownFileType = sourcecode.swift; path = SeparationLine.swift; sourceTree = "<group>"; };
		37A574E52A02178D00312453 /* SmeemToastView.swift */ = {isa = PBXFileReference; lastKnownFileType = sourcecode.swift; path = SmeemToastView.swift; sourceTree = "<group>"; };
		37A574E72A02424F00312453 /* RandomSubjectView.swift */ = {isa = PBXFileReference; lastKnownFileType = sourcecode.swift; path = RandomSubjectView.swift; sourceTree = "<group>"; };
		37B360A92AC2A4680006C8ED /* SmeemTextView.swift */ = {isa = PBXFileReference; lastKnownFileType = sourcecode.swift; path = SmeemTextView.swift; sourceTree = "<group>"; };
		37DCA6562A47574300FF8F90 /* RandomSubjectAPI.swift */ = {isa = PBXFileReference; fileEncoding = 4; lastKnownFileType = sourcecode.swift; path = RandomSubjectAPI.swift; sourceTree = "<group>"; };
		37DCA6592A47598700FF8F90 /* RandomSubjectService.swift */ = {isa = PBXFileReference; fileEncoding = 4; lastKnownFileType = sourcecode.swift; path = RandomSubjectService.swift; sourceTree = "<group>"; };
		37DCA65C2A475B5100FF8F90 /* RandomSubjectResponse.swift */ = {isa = PBXFileReference; fileEncoding = 4; lastKnownFileType = sourcecode.swift; path = RandomSubjectResponse.swift; sourceTree = "<group>"; };
		37DCA65F2A48033400FF8F90 /* DetailDiaryViewController.swift */ = {isa = PBXFileReference; lastKnownFileType = sourcecode.swift; path = DetailDiaryViewController.swift; sourceTree = "<group>"; };
		37DCA6642A48052200FF8F90 /* DetailDiaryResponse.swift */ = {isa = PBXFileReference; lastKnownFileType = sourcecode.swift; path = DetailDiaryResponse.swift; sourceTree = "<group>"; };
		37DCA6662A480A7300FF8F90 /* DetailDiaryService.swift */ = {isa = PBXFileReference; lastKnownFileType = sourcecode.swift; path = DetailDiaryService.swift; sourceTree = "<group>"; };
		37DCA6682A480A8E00FF8F90 /* DetailDiaryAPI.swift */ = {isa = PBXFileReference; lastKnownFileType = sourcecode.swift; path = DetailDiaryAPI.swift; sourceTree = "<group>"; };
		37DCA66D2A484D3100FF8F90 /* PostDiaryResponse.swift */ = {isa = PBXFileReference; lastKnownFileType = sourcecode.swift; path = PostDiaryResponse.swift; sourceTree = "<group>"; };
		37DCA66F2A484D3700FF8F90 /* PostDiaryRequest.swift */ = {isa = PBXFileReference; lastKnownFileType = sourcecode.swift; path = PostDiaryRequest.swift; sourceTree = "<group>"; };
		37DCA6712A484D5000FF8F90 /* PostDiaryService.swift */ = {isa = PBXFileReference; lastKnownFileType = sourcecode.swift; path = PostDiaryService.swift; sourceTree = "<group>"; };
		37DCA6732A484D5900FF8F90 /* PostDiaryAPI.swift */ = {isa = PBXFileReference; lastKnownFileType = sourcecode.swift; path = PostDiaryAPI.swift; sourceTree = "<group>"; };
		37DCA6772A488CEB00FF8F90 /* PapagoResponse.swift */ = {isa = PBXFileReference; lastKnownFileType = sourcecode.swift; path = PapagoResponse.swift; sourceTree = "<group>"; };
		37DCA6792A4891BD00FF8F90 /* PapagoAPI.swift */ = {isa = PBXFileReference; lastKnownFileType = sourcecode.swift; path = PapagoAPI.swift; sourceTree = "<group>"; };
		37DCA67B2A48927400FF8F90 /* PapagoService.swift */ = {isa = PBXFileReference; lastKnownFileType = sourcecode.swift; path = PapagoService.swift; sourceTree = "<group>"; };
		37EB69E52A4B3BC400075E4E /* DataBindProtocol.swift */ = {isa = PBXFileReference; lastKnownFileType = sourcecode.swift; path = DataBindProtocol.swift; sourceTree = "<group>"; };
		4A0123542AAA087D00E09646 /* BaseResponse.swift */ = {isa = PBXFileReference; lastKnownFileType = sourcecode.swift; path = BaseResponse.swift; sourceTree = "<group>"; };
		4A0123562AAA088C00E09646 /* NetworkError.swift */ = {isa = PBXFileReference; lastKnownFileType = sourcecode.swift; path = NetworkError.swift; sourceTree = "<group>"; };
		4A0123582AAA0DEC00E09646 /* NetworkRequest.swift */ = {isa = PBXFileReference; lastKnownFileType = sourcecode.swift; path = NetworkRequest.swift; sourceTree = "<group>"; };
		4A01235A2AAA178500E09646 /* HttpMethod.swift */ = {isa = PBXFileReference; lastKnownFileType = sourcecode.swift; path = HttpMethod.swift; sourceTree = "<group>"; };
		4A01235C2AAA2BFA00E09646 /* ViewControllerServiceable.swift */ = {isa = PBXFileReference; fileEncoding = 4; lastKnownFileType = sourcecode.swift; path = ViewControllerServiceable.swift; sourceTree = "<group>"; };
		4A01235E2AAA2C1500E09646 /* SmeemLoadingView.swift */ = {isa = PBXFileReference; fileEncoding = 4; lastKnownFileType = sourcecode.swift; path = SmeemLoadingView.swift; sourceTree = "<group>"; };
		4A0E8D5729F8362E00E0FC23 /* AuthViewController.swift */ = {isa = PBXFileReference; lastKnownFileType = sourcecode.swift; path = AuthViewController.swift; sourceTree = "<group>"; };
		4A0EA2872AC3265D00EB4098 /* NicknameValidEndPoint.swift */ = {isa = PBXFileReference; lastKnownFileType = sourcecode.swift; path = NicknameValidEndPoint.swift; sourceTree = "<group>"; };
		4A0EA2892AC32A6C00EB4098 /* NicknameValidServiceImpl.swift */ = {isa = PBXFileReference; lastKnownFileType = sourcecode.swift; path = NicknameValidServiceImpl.swift; sourceTree = "<group>"; };
		4A0EA28B2AC32BF800EB4098 /* NicknameValidManagerImpl.swift */ = {isa = PBXFileReference; lastKnownFileType = sourcecode.swift; path = NicknameValidManagerImpl.swift; sourceTree = "<group>"; };
		4A0EA4542A014027006CCE52 /* GeneralResponse.swift */ = {isa = PBXFileReference; lastKnownFileType = sourcecode.swift; path = GeneralResponse.swift; sourceTree = "<group>"; };
		4A0EA4562A01403E006CCE52 /* MoyaLoggingPlugin.swift */ = {isa = PBXFileReference; lastKnownFileType = sourcecode.swift; path = MoyaLoggingPlugin.swift; sourceTree = "<group>"; };
		4A0EA4582A014103006CCE52 /* URLConstant.swift */ = {isa = PBXFileReference; lastKnownFileType = sourcecode.swift; path = URLConstant.swift; sourceTree = "<group>"; };
		4A0EA4632A014710006CCE52 /* SmeemButton.swift */ = {isa = PBXFileReference; lastKnownFileType = sourcecode.swift; path = SmeemButton.swift; sourceTree = "<group>"; };
		4A13B7582A13D37000F4FB1E /* UserNickNameViewController.swift */ = {isa = PBXFileReference; lastKnownFileType = sourcecode.swift; path = UserNickNameViewController.swift; sourceTree = "<group>"; };
		4A3373F42A45BF6600EFE6C4 /* OnboardingService.swift */ = {isa = PBXFileReference; lastKnownFileType = sourcecode.swift; path = OnboardingService.swift; sourceTree = "<group>"; };
		4A3373F72A461ABC00EFE6C4 /* OnboardingAPI.swift */ = {isa = PBXFileReference; lastKnownFileType = sourcecode.swift; path = OnboardingAPI.swift; sourceTree = "<group>"; };
		4A3774812A42DF4500357DD1 /* NetworkHeader.swift */ = {isa = PBXFileReference; lastKnownFileType = sourcecode.swift; path = NetworkHeader.swift; sourceTree = "<group>"; };
		4A3774832A42E6EA00357DD1 /* SharedConstant.swift */ = {isa = PBXFileReference; lastKnownFileType = sourcecode.swift; path = SharedConstant.swift; sourceTree = "<group>"; };
		4A3774892A433A6500357DD1 /* OnboardingModel.swift */ = {isa = PBXFileReference; lastKnownFileType = sourcecode.swift; path = OnboardingModel.swift; sourceTree = "<group>"; };
		4A3F2E962A0ABBAA00F6AC60 /* AlarmCollectionViewCell.swift */ = {isa = PBXFileReference; lastKnownFileType = sourcecode.swift; path = AlarmCollectionViewCell.swift; sourceTree = "<group>"; };
		4A3F2E9B2A0B4C7100F6AC60 /* AlarmCollectionView.swift */ = {isa = PBXFileReference; lastKnownFileType = sourcecode.swift; path = AlarmCollectionView.swift; sourceTree = "<group>"; };
		4A3F2E9F2A0C18B600F6AC60 /* DatePickerFooterView.swift */ = {isa = PBXFileReference; lastKnownFileType = sourcecode.swift; path = DatePickerFooterView.swift; sourceTree = "<group>"; };
		4A47164E29F907FE00CBE9C8 /* Shared.xcconfig */ = {isa = PBXFileReference; lastKnownFileType = text.xcconfig; path = Shared.xcconfig; sourceTree = "<group>"; };
		4A4E21EE29D9B02500BF8747 /* Smeem-iOS.entitlements */ = {isa = PBXFileReference; lastKnownFileType = text.plist.entitlements; path = "Smeem-iOS.entitlements"; sourceTree = "<group>"; };
		4A6630352A51B0AD00D19CC9 /* EditDiaryViewController.swift */ = {isa = PBXFileReference; lastKnownFileType = sourcecode.swift; path = EditDiaryViewController.swift; sourceTree = "<group>"; };
		4A6630382A51E04600D19CC9 /* PatchDiaryRequest.swift */ = {isa = PBXFileReference; lastKnownFileType = sourcecode.swift; path = PatchDiaryRequest.swift; sourceTree = "<group>"; };
		4A7BE75C2ABB4B9800070E83 /* BaseEndPoint.swift */ = {isa = PBXFileReference; lastKnownFileType = sourcecode.swift; path = BaseEndPoint.swift; sourceTree = "<group>"; };
		4A7BE7602ABB5BC800070E83 /* Requestable.swift */ = {isa = PBXFileReference; lastKnownFileType = sourcecode.swift; path = Requestable.swift; sourceTree = "<group>"; };
		4A8275D22A1513120083A4AB /* ServiceAcceptViewController.swift */ = {isa = PBXFileReference; lastKnownFileType = sourcecode.swift; path = ServiceAcceptViewController.swift; sourceTree = "<group>"; };
		4A8275D42A1519550083A4AB /* ServiceAcceptCollectionViewCell.swift */ = {isa = PBXFileReference; lastKnownFileType = sourcecode.swift; path = ServiceAcceptCollectionViewCell.swift; sourceTree = "<group>"; };
		4A8FFA4C29C9E1FD00FB76C0 /* Smeem-iOS.app */ = {isa = PBXFileReference; explicitFileType = wrapper.application; includeInIndex = 0; path = "Smeem-iOS.app"; sourceTree = BUILT_PRODUCTS_DIR; };
		4A8FFA4F29C9E1FD00FB76C0 /* AppDelegate.swift */ = {isa = PBXFileReference; lastKnownFileType = sourcecode.swift; path = AppDelegate.swift; sourceTree = "<group>"; };
		4A8FFA5129C9E1FD00FB76C0 /* SceneDelegate.swift */ = {isa = PBXFileReference; lastKnownFileType = sourcecode.swift; path = SceneDelegate.swift; sourceTree = "<group>"; };
		4A8FFA5829C9E1FE00FB76C0 /* Assets.xcassets */ = {isa = PBXFileReference; lastKnownFileType = folder.assetcatalog; path = Assets.xcassets; sourceTree = "<group>"; };
		4A8FFA5B29C9E1FE00FB76C0 /* Base */ = {isa = PBXFileReference; lastKnownFileType = file.storyboard; name = Base; path = Base.lproj/LaunchScreen.storyboard; sourceTree = "<group>"; };
		4A8FFA5D29C9E1FE00FB76C0 /* Info.plist */ = {isa = PBXFileReference; lastKnownFileType = text.plist.xml; path = Info.plist; sourceTree = "<group>"; };
		4A9E10E32A43468600295D07 /* BaseTargetType.swift */ = {isa = PBXFileReference; lastKnownFileType = sourcecode.swift; path = BaseTargetType.swift; sourceTree = "<group>"; };
		4A9FAB3E2A4C3D1200C40D5A /* BadgeListViewController.swift */ = {isa = PBXFileReference; fileEncoding = 4; lastKnownFileType = sourcecode.swift; path = BadgeListViewController.swift; sourceTree = "<group>"; };
		4A9FAB402A4C3D1200C40D5A /* BadgeModel.swift */ = {isa = PBXFileReference; fileEncoding = 4; lastKnownFileType = sourcecode.swift; path = BadgeModel.swift; sourceTree = "<group>"; };
		4A9FAB422A4C3D1200C40D5A /* BadgeListTableViewCell.swift */ = {isa = PBXFileReference; fileEncoding = 4; lastKnownFileType = sourcecode.swift; path = BadgeListTableViewCell.swift; sourceTree = "<group>"; };
		4A9FAB432A4C3D1200C40D5A /* BadgeHeaderView.swift */ = {isa = PBXFileReference; fileEncoding = 4; lastKnownFileType = sourcecode.swift; path = BadgeHeaderView.swift; sourceTree = "<group>"; };
		4A9FAB442A4C3D1200C40D5A /* DetailBadgeCollectionViewCell.swift */ = {isa = PBXFileReference; fileEncoding = 4; lastKnownFileType = sourcecode.swift; path = DetailBadgeCollectionViewCell.swift; sourceTree = "<group>"; };
		4AA1EEE92A5870690017FF97 /* Urbanist-SemiBold.otf */ = {isa = PBXFileReference; lastKnownFileType = file; path = "Urbanist-SemiBold.otf"; sourceTree = "<group>"; };
		4AA626642AC1B6B000F31AAE /* MyPageEndPoint.swift */ = {isa = PBXFileReference; lastKnownFileType = sourcecode.swift; path = MyPageEndPoint.swift; sourceTree = "<group>"; };
		4AA626662AC1B92D00F31AAE /* MyPageServiceImpl.swift */ = {isa = PBXFileReference; lastKnownFileType = sourcecode.swift; path = MyPageServiceImpl.swift; sourceTree = "<group>"; };
		4AA626682AC1BB9200F31AAE /* MyPageManagerImpl.swift */ = {isa = PBXFileReference; lastKnownFileType = sourcecode.swift; path = MyPageManagerImpl.swift; sourceTree = "<group>"; };
		4AA6266A2AC1BD9800F31AAE /* MyPageAuthEndPoint.swift */ = {isa = PBXFileReference; lastKnownFileType = sourcecode.swift; path = MyPageAuthEndPoint.swift; sourceTree = "<group>"; };
		4AA6266C2AC1C2AF00F31AAE /* MyPageAuthServiceImpl.swift */ = {isa = PBXFileReference; lastKnownFileType = sourcecode.swift; path = MyPageAuthServiceImpl.swift; sourceTree = "<group>"; };
		4AA6266E2AC1C2C700F31AAE /* MyPageAuthManagerImpl.swift */ = {isa = PBXFileReference; lastKnownFileType = sourcecode.swift; path = MyPageAuthManagerImpl.swift; sourceTree = "<group>"; };
		4AB6FEB92AC02CAF0060E8CA /* SplashManagerImpl.swift */ = {isa = PBXFileReference; lastKnownFileType = sourcecode.swift; path = SplashManagerImpl.swift; sourceTree = "<group>"; };
		4AB6FEBB2AC02D250060E8CA /* SplashServiceImpl.swift */ = {isa = PBXFileReference; lastKnownFileType = sourcecode.swift; path = SplashServiceImpl.swift; sourceTree = "<group>"; };
		4AB6FEBD2AC03C9E0060E8CA /* SplashEndPoint.swift */ = {isa = PBXFileReference; lastKnownFileType = sourcecode.swift; path = SplashEndPoint.swift; sourceTree = "<group>"; };
		4AB8ED7F2AC2B00C00177106 /* MyPageEditEndPoint.swift */ = {isa = PBXFileReference; lastKnownFileType = sourcecode.swift; path = MyPageEditEndPoint.swift; sourceTree = "<group>"; };
		4AB8ED812AC2DFFD00177106 /* MyPageEditServiceImpl.swift */ = {isa = PBXFileReference; lastKnownFileType = sourcecode.swift; path = MyPageEditServiceImpl.swift; sourceTree = "<group>"; };
		4AB8ED832AC2E8DD00177106 /* MyPageEditManagerImpl.swift */ = {isa = PBXFileReference; lastKnownFileType = sourcecode.swift; path = MyPageEditManagerImpl.swift; sourceTree = "<group>"; };
		4AB9F5272AA9F78C00EBEE35 /* NetworkError.swift */ = {isa = PBXFileReference; lastKnownFileType = sourcecode.swift; path = NetworkError.swift; sourceTree = "<group>"; };
		4AB9F5292AAA035300EBEE35 /* BaseResponse.swift */ = {isa = PBXFileReference; lastKnownFileType = sourcecode.swift; path = BaseResponse.swift; sourceTree = "<group>"; };
		4ABE3FD02A811F8400D1D22E /* SplashViewController.swift */ = {isa = PBXFileReference; lastKnownFileType = sourcecode.swift; path = SplashViewController.swift; sourceTree = "<group>"; };
		4AC047242A8FCAE100EBDC0E /* AuthManagementViewController.swift */ = {isa = PBXFileReference; lastKnownFileType = sourcecode.swift; path = AuthManagementViewController.swift; sourceTree = "<group>"; };
		4AC4B82C2A2F9FE200E147AA /* UserDefaultsManager.swift */ = {isa = PBXFileReference; lastKnownFileType = sourcecode.swift; path = UserDefaultsManager.swift; sourceTree = "<group>"; };
		4AC9489729ED800800489C2B /* GoogleService-Info.plist */ = {isa = PBXFileReference; fileEncoding = 4; lastKnownFileType = text.plist.xml; path = "GoogleService-Info.plist"; sourceTree = "<group>"; };
		4AD04B382A190020004B7A58 /* UITextField+.swift */ = {isa = PBXFileReference; lastKnownFileType = sourcecode.swift; path = "UITextField+.swift"; sourceTree = "<group>"; };
		4AD04B3A2A1905BB004B7A58 /* DiaryScrollerView.swift */ = {isa = PBXFileReference; lastKnownFileType = sourcecode.swift; path = DiaryScrollerView.swift; sourceTree = "<group>"; };
		4AD04B3C2A190E9A004B7A58 /* UITextView+.swift */ = {isa = PBXFileReference; lastKnownFileType = sourcecode.swift; path = "UITextView+.swift"; sourceTree = "<group>"; };
		4AD04B3F2A1921AE004B7A58 /* CorrectionViewController.swift */ = {isa = PBXFileReference; lastKnownFileType = sourcecode.swift; path = CorrectionViewController.swift; sourceTree = "<group>"; };
		4AD923E62A0650B600FF5E27 /* SmeemStartViewController.swift */ = {isa = PBXFileReference; lastKnownFileType = sourcecode.swift; path = SmeemStartViewController.swift; sourceTree = "<group>"; };
		4AD923E82A0692C600FF5E27 /* LoginBottomSheetViewController.swift */ = {isa = PBXFileReference; lastKnownFileType = sourcecode.swift; path = LoginBottomSheetViewController.swift; sourceTree = "<group>"; };
		4AD923EA2A0692EA00FF5E27 /* BottomSheetView.swift */ = {isa = PBXFileReference; lastKnownFileType = sourcecode.swift; path = BottomSheetView.swift; sourceTree = "<group>"; };
		4ADA41762A556209001C0285 /* LoadingView.swift */ = {isa = PBXFileReference; lastKnownFileType = sourcecode.swift; path = LoadingView.swift; sourceTree = "<group>"; };
		4ADCA2D52A9272E9002904EB /* EditAlarmViewController.swift */ = {isa = PBXFileReference; lastKnownFileType = sourcecode.swift; path = EditAlarmViewController.swift; sourceTree = "<group>"; };
		4AE35E9B2A7FDC4200465FD5 /* ServiceAcceptTotalCollectionViewCell.swift */ = {isa = PBXFileReference; lastKnownFileType = sourcecode.swift; path = ServiceAcceptTotalCollectionViewCell.swift; sourceTree = "<group>"; };
		4AE35E9D2A7FE8CE00465FD5 /* UICollectionViewCell+.swift */ = {isa = PBXFileReference; lastKnownFileType = sourcecode.swift; path = "UICollectionViewCell+.swift"; sourceTree = "<group>"; };
		4AEB82942A4CB4F100C1114B /* BadgePopupViewController.swift */ = {isa = PBXFileReference; lastKnownFileType = sourcecode.swift; path = BadgePopupViewController.swift; sourceTree = "<group>"; };
		4AEFD4C42A136EE100DAB2BD /* HowOnboardingViewController.swift */ = {isa = PBXFileReference; lastKnownFileType = sourcecode.swift; path = HowOnboardingViewController.swift; sourceTree = "<group>"; };
		4AEFD4C72A13908E00DAB2BD /* AlarmSettingViewController.swift */ = {isa = PBXFileReference; lastKnownFileType = sourcecode.swift; path = AlarmSettingViewController.swift; sourceTree = "<group>"; };
		4AEFD4C92A1392DF00DAB2BD /* HowLearningView.swift */ = {isa = PBXFileReference; lastKnownFileType = sourcecode.swift; path = HowLearningView.swift; sourceTree = "<group>"; };
		4AF1D2A92AC06D41004C3AB7 /* LoginEndPoint.swift */ = {isa = PBXFileReference; lastKnownFileType = sourcecode.swift; path = LoginEndPoint.swift; sourceTree = "<group>"; };
		4AF1D2AB2AC06F81004C3AB7 /* LoginManagerImpl.swift */ = {isa = PBXFileReference; lastKnownFileType = sourcecode.swift; path = LoginManagerImpl.swift; sourceTree = "<group>"; };
		4AF1D2AD2AC06FA1004C3AB7 /* LoginServiceImpl.swift */ = {isa = PBXFileReference; lastKnownFileType = sourcecode.swift; path = LoginServiceImpl.swift; sourceTree = "<group>"; };
		4AF1D2AF2AC08090004C3AB7 /* Encodable+.swift */ = {isa = PBXFileReference; lastKnownFileType = sourcecode.swift; path = "Encodable+.swift"; sourceTree = "<group>"; };
		4AF507742A10CD4D007C62B1 /* GoalViewController.swift */ = {isa = PBXFileReference; lastKnownFileType = sourcecode.swift; path = GoalViewController.swift; sourceTree = "<group>"; };
		4AF507762A10CD96007C62B1 /* GoalCollectionViewCell.swift */ = {isa = PBXFileReference; lastKnownFileType = sourcecode.swift; path = GoalCollectionViewCell.swift; sourceTree = "<group>"; };
		4AF58CE82A4820AA00305248 /* AuthModel.swift */ = {isa = PBXFileReference; lastKnownFileType = sourcecode.swift; path = AuthModel.swift; sourceTree = "<group>"; };
		4AF9E3F52AC4156000104768 /* NicknameModel.swift */ = {isa = PBXFileReference; lastKnownFileType = sourcecode.swift; path = NicknameModel.swift; sourceTree = "<group>"; };
		4AF9E3F82AC415C100104768 /* PlanModel.swift */ = {isa = PBXFileReference; lastKnownFileType = sourcecode.swift; path = PlanModel.swift; sourceTree = "<group>"; };
		6F294A472A27818200856CC8 /* HomeViewFloatingViewController.swift */ = {isa = PBXFileReference; lastKnownFileType = sourcecode.swift; path = HomeViewFloatingViewController.swift; sourceTree = "<group>"; };
		6F31802E2A24D1DB00089870 /* CalendarCell.swift */ = {isa = PBXFileReference; lastKnownFileType = sourcecode.swift; path = CalendarCell.swift; sourceTree = "<group>"; };
		6F62668B2A04EA3B000365CD /* HomeViewController.swift */ = {isa = PBXFileReference; lastKnownFileType = sourcecode.swift; path = HomeViewController.swift; sourceTree = "<group>"; };
		6FBC856A2A4B1F9200A43F98 /* MyPageViewController.swift */ = {isa = PBXFileReference; lastKnownFileType = sourcecode.swift; path = MyPageViewController.swift; sourceTree = "<group>"; };
		6FBC85732A4B603A00A43F98 /* MyPageModel.swift */ = {isa = PBXFileReference; lastKnownFileType = sourcecode.swift; path = MyPageModel.swift; sourceTree = "<group>"; };
		6FE129892A4982DA005536C4 /* HomeAPI.swift */ = {isa = PBXFileReference; lastKnownFileType = sourcecode.swift; path = HomeAPI.swift; sourceTree = "<group>"; };
		6FE1298B2A498338005536C4 /* HomeService.swift */ = {isa = PBXFileReference; lastKnownFileType = sourcecode.swift; path = HomeService.swift; sourceTree = "<group>"; };
		6FE1298D2A4986CA005536C4 /* HomeDiaryResponse.swift */ = {isa = PBXFileReference; lastKnownFileType = sourcecode.swift; path = HomeDiaryResponse.swift; sourceTree = "<group>"; };
		6FE1298F2A49A5A6005536C4 /* Date+.swift */ = {isa = PBXFileReference; lastKnownFileType = sourcecode.swift; path = "Date+.swift"; sourceTree = "<group>"; };
		A3D7ECB62A26566A009857D6 /* EditNicknameViewController.swift */ = {isa = PBXFileReference; lastKnownFileType = sourcecode.swift; path = EditNicknameViewController.swift; sourceTree = "<group>"; };
/* End PBXFileReference section */

/* Begin PBXFrameworksBuildPhase section */
		4A8FFA4929C9E1FD00FB76C0 /* Frameworks */ = {
			isa = PBXFrameworksBuildPhase;
			buildActionMask = 2147483647;
			files = (
				4AA942D22A276AFF00A552A0 /* FirebaseMessaging in Frameworks */,
				4AA942D72A276C7900A552A0 /* KakaoSDKCommon in Frameworks */,
				4AA942C22A2767D000A552A0 /* FSCalendar in Frameworks */,
				A301B0A22A30720F006BE0BA /* Kingfisher in Frameworks */,
				4AA942CD2A276A9F00A552A0 /* Moya in Frameworks */,
				4AA942D92A276C7900A552A0 /* KakaoSDKUser in Frameworks */,
				4AA942D02A276AFF00A552A0 /* FirebaseAnalyticsWithoutAdIdSupport in Frameworks */,
				4AA942C52A2767D900A552A0 /* SnapKit in Frameworks */,
				4AA942D52A276C7900A552A0 /* KakaoSDKAuth in Frameworks */,
			);
			runOnlyForDeploymentPostprocessing = 0;
		};
/* End PBXFrameworksBuildPhase section */

/* Begin PBXGroup section */
		371E940F2A87A7B10098280F /* DataSource */ = {
			isa = PBXGroup;
			children = (
				371E94122A87A8660098280F /* GoalCollectionViewDataSource.swift */,
			);
			path = DataSource;
			sourceTree = "<group>";
		};
		371E94142A87A9A20098280F /* Cell */ = {
			isa = PBXGroup;
			children = (
				4AF507762A10CD96007C62B1 /* GoalCollectionViewCell.swift */,
			);
			path = Cell;
			sourceTree = "<group>";
		};
		371E94172A87DA6E0098280F /* EditGoal */ = {
			isa = PBXGroup;
			children = (
				371E94182A87DA960098280F /* EditGoalViewController.swift */,
			);
			path = EditGoal;
			sourceTree = "<group>";
		};
		379789012AAB9B1900C61EF4 /* NavigationBar */ = {
			isa = PBXGroup;
			children = (
				379789022AAC705B00C61EF4 /* NavigationBarActionDelegate.swift */,
				379789062AAC707700C61EF4 /* NavigationBarType.swift */,
				37A271632AA6078C001FFC38 /* SmeemNavigationBar.swift */,
				379789042AAC706800C61EF4 /* SmeemNavigationFactory.swift */,
				3797891B2AAE11D400C61EF4 /* NavigationBarConfigurationBuilder.swift */,
			);
			path = NavigationBar;
			sourceTree = "<group>";
		};
		37A574B429FE203100312453 /* Global */ = {
			isa = PBXGroup;
			children = (
				37A574B629FE207C00312453 /* Extensions */,
				37A574B729FE208A00312453 /* UIComponents */,
				374F828B2AC327A200C128B9 /* SmeemTextViewManager.swift */,
				37A574B829FE209900312453 /* Literals */,
				37A574B929FE209F00312453 /* Resources */,
				4AC4B82B2A2F9F5300E147AA /* Constants */,
				37EB69E42A4B3B6B00075E4E /* Protocols */,
			);
			path = Global;
			sourceTree = "<group>";
		};
		37A574B529FE204500312453 /* Presentation */ = {
			isa = PBXGroup;
			children = (
				4ADA41752A556185001C0285 /* LodingView */,
				37DCA65E2A48030A00FF8F90 /* DetailDiary */,
				37CD0DB32A1DEE64001F03E7 /* ForeignDiary */,
				4AD923E52A0650A000FF5E27 /* Splash */,
				4AF5076F2A10CBA2007C62B1 /* Onboarding */,
				4AE4B5172A06BF4A00D45F87 /* BottomSheet */,
				6F62668A2A04E889000365CD /* Home */,
				4AD04B3E2A19217B004B7A58 /* Correction */,
				A3D7ECB82A26566F009857D6 /* MyPage */,
				4AEB82962A4CB4F900C1114B /* BadgePopup */,
			);
			path = Presentation;
			sourceTree = "<group>";
		};
		37A574B629FE207C00312453 /* Extensions */ = {
			isa = PBXGroup;
			children = (
				37A574C729FF6F1C00312453 /* UIView+.swift */,
				37A574C929FF980F00312453 /* UIStackView+.swift */,
				3761116B2A278D0E0095EC5A /* String+.swift */,
				37A574CB29FF990E00312453 /* UIViewController+.swift */,
				37A574CD29FF9A2D00312453 /* UIScreen+.swift */,
				37A574CF29FF9AEE00312453 /* UILabel+.swift */,
				4AD04B382A190020004B7A58 /* UITextField+.swift */,
				4AD04B3C2A190E9A004B7A58 /* UITextView+.swift */,
				6FE1298F2A49A5A6005536C4 /* Date+.swift */,
				4AE35E9D2A7FE8CE00465FD5 /* UICollectionViewCell+.swift */,
				4AF1D2AF2AC08090004C3AB7 /* Encodable+.swift */,
			);
			path = Extensions;
			sourceTree = "<group>";
		};
		37A574B729FE208A00312453 /* UIComponents */ = {
			isa = PBXGroup;
			children = (
				4A1EE9552A4DFB86007BFEF3 /* SmeemComponent */,
				4A1EE9542A4DFB76007BFEF3 /* Onboarding */,
				4A1EE9532A4DFB42007BFEF3 /* Diary */,
				4A3F2E952A0ABB9C00F6AC60 /* Alarm */,
			);
			path = UIComponents;
			sourceTree = "<group>";
		};
		37A574B829FE209900312453 /* Literals */ = {
			isa = PBXGroup;
			children = (
				37A574C029FF6E9100312453 /* ColorLiterals.swift */,
				37A574C429FF6EA800312453 /* FontLiterals.swift */,
			);
			path = Literals;
			sourceTree = "<group>";
		};
		37A574B929FE209F00312453 /* Resources */ = {
			isa = PBXGroup;
			children = (
				37A574C629FF6EC000312453 /* Fonts */,
				4A8FFA5829C9E1FE00FB76C0 /* Assets.xcassets */,
			);
			path = Resources;
			sourceTree = "<group>";
		};
		37A574BB29FE219100312453 /* Network */ = {
			isa = PBXGroup;
			children = (
				4A0EA4532A014018006CCE52 /* Base */,
				4AF1D2A82AC06D2B004C3AB7 /* Manager */,
				4AF1D2A72AC06D24004C3AB7 /* Service */,
				4AF1D2A62AC06D18004C3AB7 /* EndPoint */,
				4A0EA45A2A014111006CCE52 /* API */,
				4A0EA45C2A014126006CCE52 /* DataModel */,
			);
			path = Network;
			sourceTree = "<group>";
		};
		37A574BC29FE224700312453 /* Supports */ = {
			isa = PBXGroup;
			children = (
				4A8FFA4F29C9E1FD00FB76C0 /* AppDelegate.swift */,
				4A8FFA5129C9E1FD00FB76C0 /* SceneDelegate.swift */,
				4A8FFA5A29C9E1FE00FB76C0 /* LaunchScreen.storyboard */,
			);
			path = Supports;
			sourceTree = "<group>";
		};
		37A574C629FF6EC000312453 /* Fonts */ = {
			isa = PBXGroup;
			children = (
				4AA1EEE92A5870690017FF97 /* Urbanist-SemiBold.otf */,
				37A574D829FF9FFF00312453 /* Pretendard-Bold.otf */,
				37A574D729FF9FFF00312453 /* Pretendard-Medium.otf */,
				37A574D629FF9FFF00312453 /* Pretendard-Regular.otf */,
				37A574D529FF9FFF00312453 /* Pretendard-SemiBold.otf */,
			);
			path = Fonts;
			sourceTree = "<group>";
		};
		37CD0DB32A1DEE64001F03E7 /* ForeignDiary */ = {
			isa = PBXGroup;
			children = (
				3728B8D02A2CFE0B00EF4CF8 /* DiaryStrategies.swift */,
				374FAF802A2CACCF00237A1A /* DiaryViewController.swift */,
				3728B8D22A2CFED300EF4CF8 /* ForeignDiaryViewController.swift */,
				3728B8D42A2CFF2C00EF4CF8 /* StepOneKoreanDiaryViewController.swift */,
				3728B8D62A2CFF3A00EF4CF8 /* StepTwoKoreanDiaryViewController.swift */,
				4A6630352A51B0AD00D19CC9 /* EditDiaryViewController.swift */,
			);
			path = ForeignDiary;
			sourceTree = "<group>";
		};
		37DCA6532A4755FA00FF8F90 /* RandomSubject */ = {
			isa = PBXGroup;
			children = (
				37DCA6562A47574300FF8F90 /* RandomSubjectAPI.swift */,
				37DCA6592A47598700FF8F90 /* RandomSubjectService.swift */,
			);
			path = RandomSubject;
			sourceTree = "<group>";
		};
		37DCA65B2A475B5100FF8F90 /* RandomSubject */ = {
			isa = PBXGroup;
			children = (
				37DCA65C2A475B5100FF8F90 /* RandomSubjectResponse.swift */,
			);
			path = RandomSubject;
			sourceTree = "<group>";
		};
		37DCA65E2A48030A00FF8F90 /* DetailDiary */ = {
			isa = PBXGroup;
			children = (
				37DCA65F2A48033400FF8F90 /* DetailDiaryViewController.swift */,
			);
			path = DetailDiary;
			sourceTree = "<group>";
		};
		37DCA6612A4804E800FF8F90 /* DetailDiary */ = {
			isa = PBXGroup;
			children = (
				37DCA6642A48052200FF8F90 /* DetailDiaryResponse.swift */,
			);
			path = DetailDiary;
			sourceTree = "<group>";
		};
		37DCA6632A4804F800FF8F90 /* DetailDiary */ = {
			isa = PBXGroup;
			children = (
				37DCA6682A480A8E00FF8F90 /* DetailDiaryAPI.swift */,
				37DCA6662A480A7300FF8F90 /* DetailDiaryService.swift */,
			);
			path = DetailDiary;
			sourceTree = "<group>";
		};
		37DCA66A2A484CF900FF8F90 /* PostDiary */ = {
			isa = PBXGroup;
			children = (
				37DCA66D2A484D3100FF8F90 /* PostDiaryResponse.swift */,
				37DCA66F2A484D3700FF8F90 /* PostDiaryRequest.swift */,
			);
			path = PostDiary;
			sourceTree = "<group>";
		};
		37DCA66C2A484D1000FF8F90 /* PostDiary */ = {
			isa = PBXGroup;
			children = (
				37DCA6732A484D5900FF8F90 /* PostDiaryAPI.swift */,
				37DCA6712A484D5000FF8F90 /* PostDiaryService.swift */,
			);
			path = PostDiary;
			sourceTree = "<group>";
		};
		37DCA6752A488CBA00FF8F90 /* Papago */ = {
			isa = PBXGroup;
			children = (
				37DCA6792A4891BD00FF8F90 /* PapagoAPI.swift */,
				37DCA67B2A48927400FF8F90 /* PapagoService.swift */,
			);
			path = Papago;
			sourceTree = "<group>";
		};
		37DCA6762A488CC800FF8F90 /* Papago */ = {
			isa = PBXGroup;
			children = (
				37DCA6772A488CEB00FF8F90 /* PapagoResponse.swift */,
			);
			path = Papago;
			sourceTree = "<group>";
		};
		37EB69E42A4B3B6B00075E4E /* Protocols */ = {
			isa = PBXGroup;
			children = (
				4A01235C2AAA2BFA00E09646 /* ViewControllerServiceable.swift */,
				37EB69E52A4B3BC400075E4E /* DataBindProtocol.swift */,
				371E94152A87B83D0098280F /* NextButtonDelegate.swift */,
				4A7BE7602ABB5BC800070E83 /* Requestable.swift */,
			);
			path = Protocols;
			sourceTree = "<group>";
		};
		4A01234F2AAA046200E09646 /* Recovered References */ = {
			isa = PBXGroup;
			children = (
				4AB9F5292AAA035300EBEE35 /* BaseResponse.swift */,
				4AB9F5272AA9F78C00EBEE35 /* NetworkError.swift */,
			);
			name = "Recovered References";
			sourceTree = "<group>";
		};
		4A0EA4532A014018006CCE52 /* Base */ = {
			isa = PBXGroup;
			children = (
				4A0EA4542A014027006CCE52 /* GeneralResponse.swift */,
				4A0EA4562A01403E006CCE52 /* MoyaLoggingPlugin.swift */,
				4A0EA4582A014103006CCE52 /* URLConstant.swift */,
				4A3774812A42DF4500357DD1 /* NetworkHeader.swift */,
				4A3774832A42E6EA00357DD1 /* SharedConstant.swift */,
				4A9E10E32A43468600295D07 /* BaseTargetType.swift */,
				4A0123542AAA087D00E09646 /* BaseResponse.swift */,
				4A0123562AAA088C00E09646 /* NetworkError.swift */,
				4A0123582AAA0DEC00E09646 /* NetworkRequest.swift */,
				4A01235A2AAA178500E09646 /* HttpMethod.swift */,
				4A7BE75C2ABB4B9800070E83 /* BaseEndPoint.swift */,
			);
			path = Base;
			sourceTree = "<group>";
		};
		4A0EA45A2A014111006CCE52 /* API */ = {
			isa = PBXGroup;
			children = (
				6FBC856C2A4B5F8500A43F98 /* Home */,
				4A3373F62A461AAC00EFE6C4 /* Onboarding */,
				37DCA6752A488CBA00FF8F90 /* Papago */,
				37DCA66C2A484D1000FF8F90 /* PostDiary */,
				37DCA6632A4804F800FF8F90 /* DetailDiary */,
				37DCA6532A4755FA00FF8F90 /* RandomSubject */,
			);
			path = API;
			sourceTree = "<group>";
		};
		4A0EA45C2A014126006CCE52 /* DataModel */ = {
			isa = PBXGroup;
			children = (
				4AF58CE82A4820AA00305248 /* AuthModel.swift */,
				4A3774892A433A6500357DD1 /* OnboardingModel.swift */,
				4AF9E3F82AC415C100104768 /* PlanModel.swift */,
				4AF9E3F52AC4156000104768 /* NicknameModel.swift */,
				4A9FAB402A4C3D1200C40D5A /* BadgeModel.swift */,
				6FBC85732A4B603A00A43F98 /* MyPageModel.swift */,
				4AF9E3EF2AC4143500104768 /* Home */,
				4A6630372A51E03B00D19CC9 /* PatchDiary */,
				37DCA6762A488CC800FF8F90 /* Papago */,
				37DCA66A2A484CF900FF8F90 /* PostDiary */,
				37DCA6612A4804E800FF8F90 /* DetailDiary */,
				37DCA65B2A475B5100FF8F90 /* RandomSubject */,
			);
			path = DataModel;
			sourceTree = "<group>";
		};
		4A13B7572A13D35800F4FB1E /* Nickname */ = {
			isa = PBXGroup;
			children = (
				4A13B7582A13D37000F4FB1E /* UserNickNameViewController.swift */,
			);
			path = Nickname;
			sourceTree = "<group>";
		};
		4A1EE9532A4DFB42007BFEF3 /* Diary */ = {
			isa = PBXGroup;
			children = (
				4AD04B3A2A1905BB004B7A58 /* DiaryScrollerView.swift */,
				37A574E72A02424F00312453 /* RandomSubjectView.swift */,
				373E38582A2F889500DF96F0 /* DiaryDetailRandomSubjectView.swift */,
				37A574DF2A00CDCD00312453 /* SeparationLine.swift */,
				374F828D2AC5DFFE00C128B9 /* DiaryBottomView.swift */,
			);
			path = Diary;
			sourceTree = "<group>";
		};
		4A1EE9542A4DFB76007BFEF3 /* Onboarding */ = {
			isa = PBXGroup;
			children = (
				4AEFD4C92A1392DF00DAB2BD /* HowLearningView.swift */,
			);
			path = Onboarding;
			sourceTree = "<group>";
		};
		4A1EE9552A4DFB86007BFEF3 /* SmeemComponent */ = {
			isa = PBXGroup;
			children = (
				4A01235E2AAA2C1500E09646 /* SmeemLoadingView.swift */,
				379789012AAB9B1900C61EF4 /* NavigationBar */,
				4A0EA4632A014710006CCE52 /* SmeemButton.swift */,
				37A574E52A02178D00312453 /* SmeemToastView.swift */,
				37B360A92AC2A4680006C8ED /* SmeemTextView.swift */,
			);
			path = SmeemComponent;
			sourceTree = "<group>";
		};
		4A3373F62A461AAC00EFE6C4 /* Onboarding */ = {
			isa = PBXGroup;
			children = (
				4A3373F72A461ABC00EFE6C4 /* OnboardingAPI.swift */,
				4A3373F42A45BF6600EFE6C4 /* OnboardingService.swift */,
			);
			path = Onboarding;
			sourceTree = "<group>";
		};
		4A3774872A433A4400357DD1 /* VC */ = {
			isa = PBXGroup;
			children = (
				4AEFD4C72A13908E00DAB2BD /* AlarmSettingViewController.swift */,
			);
			path = VC;
			sourceTree = "<group>";
		};
		4A3F2E952A0ABB9C00F6AC60 /* Alarm */ = {
			isa = PBXGroup;
			children = (
				4A3F2E9B2A0B4C7100F6AC60 /* AlarmCollectionView.swift */,
				4A3F2E962A0ABBAA00F6AC60 /* AlarmCollectionViewCell.swift */,
				4A3F2E9F2A0C18B600F6AC60 /* DatePickerFooterView.swift */,
			);
			path = Alarm;
			sourceTree = "<group>";
		};
		4A6630372A51E03B00D19CC9 /* PatchDiary */ = {
			isa = PBXGroup;
			children = (
				4A6630382A51E04600D19CC9 /* PatchDiaryRequest.swift */,
			);
			path = PatchDiary;
			sourceTree = "<group>";
		};
		4A8275D12A15129B0083A4AB /* Service */ = {
			isa = PBXGroup;
			children = (
				4A8275D22A1513120083A4AB /* ServiceAcceptViewController.swift */,
				4A8275D42A1519550083A4AB /* ServiceAcceptCollectionViewCell.swift */,
				4AE35E9B2A7FDC4200465FD5 /* ServiceAcceptTotalCollectionViewCell.swift */,
			);
			path = Service;
			sourceTree = "<group>";
		};
		4A8FFA4329C9E1FD00FB76C0 = {
			isa = PBXGroup;
			children = (
				4A47164E29F907FE00CBE9C8 /* Shared.xcconfig */,
				4A8FFA4E29C9E1FD00FB76C0 /* Smeem-iOS */,
				4A8FFA4D29C9E1FD00FB76C0 /* Products */,
				4A01234F2AAA046200E09646 /* Recovered References */,
			);
			sourceTree = "<group>";
		};
		4A8FFA4D29C9E1FD00FB76C0 /* Products */ = {
			isa = PBXGroup;
			children = (
				4A8FFA4C29C9E1FD00FB76C0 /* Smeem-iOS.app */,
			);
			name = Products;
			sourceTree = "<group>";
		};
		4A8FFA4E29C9E1FD00FB76C0 /* Smeem-iOS */ = {
			isa = PBXGroup;
			children = (
				4A4E21EE29D9B02500BF8747 /* Smeem-iOS.entitlements */,
				4AC9489729ED800800489C2B /* GoogleService-Info.plist */,
				4A8FFA5D29C9E1FE00FB76C0 /* Info.plist */,
				37A574B429FE203100312453 /* Global */,
				37A574BB29FE219100312453 /* Network */,
				37A574B529FE204500312453 /* Presentation */,
				37A574BC29FE224700312453 /* Supports */,
			);
			path = "Smeem-iOS";
			sourceTree = "<group>";
		};
		4A974AFE2A4F3B7700418DD9 /* VC */ = {
			isa = PBXGroup;
			children = (
				4AF507742A10CD4D007C62B1 /* GoalViewController.swift */,
			);
			path = VC;
			sourceTree = "<group>";
		};
		4A974AFF2A4F3B7D00418DD9 /* View */ = {
			isa = PBXGroup;
			children = (
				371E94142A87A9A20098280F /* Cell */,
				371E940B2A87A1E00098280F /* GoalOnboardingView.swift */,
				371E940D2A87A2030098280F /* GoalEditMypageView.swift */,
			);
			path = View;
			sourceTree = "<group>";
		};
		4A974B032A4F414B00418DD9 /* VC */ = {
			isa = PBXGroup;
			children = (
				4AEFD4C42A136EE100DAB2BD /* HowOnboardingViewController.swift */,
			);
			path = VC;
			sourceTree = "<group>";
		};
		4A9FAB3C2A4C3D1200C40D5A /* BadgeList */ = {
			isa = PBXGroup;
			children = (
				4A9FAB3D2A4C3D1200C40D5A /* VC */,
				4A9FAB412A4C3D1200C40D5A /* View */,
			);
			path = BadgeList;
			sourceTree = "<group>";
		};
		4A9FAB3D2A4C3D1200C40D5A /* VC */ = {
			isa = PBXGroup;
			children = (
				4A9FAB3E2A4C3D1200C40D5A /* BadgeListViewController.swift */,
			);
			path = VC;
			sourceTree = "<group>";
		};
		4A9FAB412A4C3D1200C40D5A /* View */ = {
			isa = PBXGroup;
			children = (
				4A9FAB422A4C3D1200C40D5A /* BadgeListTableViewCell.swift */,
				4A9FAB432A4C3D1200C40D5A /* BadgeHeaderView.swift */,
				4A9FAB442A4C3D1200C40D5A /* DetailBadgeCollectionViewCell.swift */,
			);
			path = View;
			sourceTree = "<group>";
		};
		4A9FAB4A2A4C3D3D00C40D5A /* EditNickname */ = {
			isa = PBXGroup;
			children = (
				A3D7ECB62A26566A009857D6 /* EditNicknameViewController.swift */,
			);
			path = EditNickname;
			sourceTree = "<group>";
		};
		4A9FAB4B2A4C3D4A00C40D5A /* MyPage */ = {
			isa = PBXGroup;
			children = (
				6FBC856A2A4B1F9200A43F98 /* MyPageViewController.swift */,
			);
			path = MyPage;
			sourceTree = "<group>";
		};
		4AC047232A8FCA9700EBDC0E /* AuthManagement */ = {
			isa = PBXGroup;
			children = (
				4AC047242A8FCAE100EBDC0E /* AuthManagementViewController.swift */,
			);
			path = AuthManagement;
			sourceTree = "<group>";
		};
		4AC4B82B2A2F9F5300E147AA /* Constants */ = {
			isa = PBXGroup;
			children = (
				37A574C229FF6E9C00312453 /* Constant.swift */,
				4AC4B82C2A2F9FE200E147AA /* UserDefaultsManager.swift */,
			);
			path = Constants;
			sourceTree = "<group>";
		};
		4AD04B3E2A19217B004B7A58 /* Correction */ = {
			isa = PBXGroup;
			children = (
				4AD04B3F2A1921AE004B7A58 /* CorrectionViewController.swift */,
			);
			path = Correction;
			sourceTree = "<group>";
		};
		4AD923E52A0650A000FF5E27 /* Splash */ = {
			isa = PBXGroup;
			children = (
				4AD923E62A0650B600FF5E27 /* SmeemStartViewController.swift */,
				4ABE3FD02A811F8400D1D22E /* SplashViewController.swift */,
			);
			path = Splash;
			sourceTree = "<group>";
		};
		4ADA41752A556185001C0285 /* LodingView */ = {
			isa = PBXGroup;
			children = (
				4ADA41762A556209001C0285 /* LoadingView.swift */,
			);
			path = LodingView;
			sourceTree = "<group>";
		};
		4ADCA2D42A9272D6002904EB /* EditAlarm */ = {
			isa = PBXGroup;
			children = (
				4ADCA2D52A9272E9002904EB /* EditAlarmViewController.swift */,
			);
			path = EditAlarm;
			sourceTree = "<group>";
		};
		4AE4B5172A06BF4A00D45F87 /* BottomSheet */ = {
			isa = PBXGroup;
			children = (
				4AF58CE62A48209500305248 /* VC */,
			);
			path = BottomSheet;
			sourceTree = "<group>";
		};
		4AEB82962A4CB4F900C1114B /* BadgePopup */ = {
			isa = PBXGroup;
			children = (
				4AEB82942A4CB4F100C1114B /* BadgePopupViewController.swift */,
			);
			path = BadgePopup;
			sourceTree = "<group>";
		};
		4AEFD4C22A136E5F00DAB2BD /* Goal */ = {
			isa = PBXGroup;
			children = (
				4A974AFE2A4F3B7700418DD9 /* VC */,
				4A974AFF2A4F3B7D00418DD9 /* View */,
				371E940F2A87A7B10098280F /* DataSource */,
			);
			path = Goal;
			sourceTree = "<group>";
		};
		4AEFD4C32A136E6F00DAB2BD /* How */ = {
			isa = PBXGroup;
			children = (
				4A974B032A4F414B00418DD9 /* VC */,
			);
			path = How;
			sourceTree = "<group>";
		};
		4AEFD4C62A13907D00DAB2BD /* Alarm */ = {
			isa = PBXGroup;
			children = (
				4A3774872A433A4400357DD1 /* VC */,
			);
			path = Alarm;
			sourceTree = "<group>";
		};
		4AF1D2A62AC06D18004C3AB7 /* EndPoint */ = {
			isa = PBXGroup;
			children = (
				4AB6FEBD2AC03C9E0060E8CA /* SplashEndPoint.swift */,
				4AF1D2A92AC06D41004C3AB7 /* LoginEndPoint.swift */,
				4AA626642AC1B6B000F31AAE /* MyPageEndPoint.swift */,
				4AA6266A2AC1BD9800F31AAE /* MyPageAuthEndPoint.swift */,
				4AB8ED7F2AC2B00C00177106 /* MyPageEditEndPoint.swift */,
				4A0EA2872AC3265D00EB4098 /* NicknameValidEndPoint.swift */,
			);
			path = EndPoint;
			sourceTree = "<group>";
		};
		4AF1D2A72AC06D24004C3AB7 /* Service */ = {
			isa = PBXGroup;
			children = (
				4AB6FEBB2AC02D250060E8CA /* SplashServiceImpl.swift */,
				4AF1D2AD2AC06FA1004C3AB7 /* LoginServiceImpl.swift */,
				4AA626662AC1B92D00F31AAE /* MyPageServiceImpl.swift */,
				4AA6266C2AC1C2AF00F31AAE /* MyPageAuthServiceImpl.swift */,
				4AB8ED812AC2DFFD00177106 /* MyPageEditServiceImpl.swift */,
				4A0EA2892AC32A6C00EB4098 /* NicknameValidServiceImpl.swift */,
			);
			path = Service;
			sourceTree = "<group>";
		};
		4AF1D2A82AC06D2B004C3AB7 /* Manager */ = {
			isa = PBXGroup;
			children = (
				4AB6FEB92AC02CAF0060E8CA /* SplashManagerImpl.swift */,
				4AF1D2AB2AC06F81004C3AB7 /* LoginManagerImpl.swift */,
				4AA626682AC1BB9200F31AAE /* MyPageManagerImpl.swift */,
				4AA6266E2AC1C2C700F31AAE /* MyPageAuthManagerImpl.swift */,
				4AB8ED832AC2E8DD00177106 /* MyPageEditManagerImpl.swift */,
				4A0EA28B2AC32BF800EB4098 /* NicknameValidManagerImpl.swift */,
			);
			path = Manager;
			sourceTree = "<group>";
		};
		4AF5076F2A10CBA2007C62B1 /* Onboarding */ = {
			isa = PBXGroup;
			children = (
				4AEFD4C22A136E5F00DAB2BD /* Goal */,
				4AEFD4C32A136E6F00DAB2BD /* How */,
				4AEFD4C62A13907D00DAB2BD /* Alarm */,
				4A13B7572A13D35800F4FB1E /* Nickname */,
				4A8275D12A15129B0083A4AB /* Service */,
			);
			path = Onboarding;
			sourceTree = "<group>";
		};
		4AF58CE62A48209500305248 /* VC */ = {
			isa = PBXGroup;
			children = (
				4A0E8D5729F8362E00E0FC23 /* AuthViewController.swift */,
				4AD923E82A0692C600FF5E27 /* LoginBottomSheetViewController.swift */,
				4AD923EA2A0692EA00FF5E27 /* BottomSheetView.swift */,
			);
			path = VC;
			sourceTree = "<group>";
		};
		4AF9E3EF2AC4143500104768 /* Home */ = {
			isa = PBXGroup;
			children = (
				6FE1298D2A4986CA005536C4 /* HomeDiaryResponse.swift */,
			);
			path = Home;
			sourceTree = "<group>";
		};
		6F62668A2A04E889000365CD /* Home */ = {
			isa = PBXGroup;
			children = (
				6F62668B2A04EA3B000365CD /* HomeViewController.swift */,
				6F31802E2A24D1DB00089870 /* CalendarCell.swift */,
				6F294A472A27818200856CC8 /* HomeViewFloatingViewController.swift */,
			);
			path = Home;
			sourceTree = "<group>";
		};
		6FBC856C2A4B5F8500A43F98 /* Home */ = {
			isa = PBXGroup;
			children = (
				6FE129892A4982DA005536C4 /* HomeAPI.swift */,
				6FE1298B2A498338005536C4 /* HomeService.swift */,
			);
			path = Home;
			sourceTree = "<group>";
		};
		A3D7ECB82A26566F009857D6 /* MyPage */ = {
			isa = PBXGroup;
			children = (
				4AC047232A8FCA9700EBDC0E /* AuthManagement */,
				4A9FAB4B2A4C3D4A00C40D5A /* MyPage */,
				4A9FAB4A2A4C3D3D00C40D5A /* EditNickname */,
				4ADCA2D42A9272D6002904EB /* EditAlarm */,
				371E94172A87DA6E0098280F /* EditGoal */,
				4A9FAB3C2A4C3D1200C40D5A /* BadgeList */,
			);
			path = MyPage;
			sourceTree = "<group>";
		};
/* End PBXGroup section */

/* Begin PBXNativeTarget section */
		4A8FFA4B29C9E1FD00FB76C0 /* Smeem-iOS */ = {
			isa = PBXNativeTarget;
			buildConfigurationList = 4A8FFA6029C9E1FE00FB76C0 /* Build configuration list for PBXNativeTarget "Smeem-iOS" */;
			buildPhases = (
				4A8FFA4829C9E1FD00FB76C0 /* Sources */,
				4A8FFA4929C9E1FD00FB76C0 /* Frameworks */,
				4A8FFA4A29C9E1FD00FB76C0 /* Resources */,
			);
			buildRules = (
			);
			dependencies = (
			);
			name = "Smeem-iOS";
			packageProductDependencies = (
				4AA942C12A2767D000A552A0 /* FSCalendar */,
				4AA942C42A2767D900A552A0 /* SnapKit */,
				4AA942CC2A276A9F00A552A0 /* Moya */,
				4AA942CF2A276AFF00A552A0 /* FirebaseAnalyticsWithoutAdIdSupport */,
				4AA942D12A276AFF00A552A0 /* FirebaseMessaging */,
				4AA942D42A276C7900A552A0 /* KakaoSDKAuth */,
				4AA942D62A276C7900A552A0 /* KakaoSDKCommon */,
				4AA942D82A276C7900A552A0 /* KakaoSDKUser */,
				A301B0A12A30720F006BE0BA /* Kingfisher */,
			);
			productName = "Smeem-iOS";
			productReference = 4A8FFA4C29C9E1FD00FB76C0 /* Smeem-iOS.app */;
			productType = "com.apple.product-type.application";
		};
/* End PBXNativeTarget section */

/* Begin PBXProject section */
		4A8FFA4429C9E1FD00FB76C0 /* Project object */ = {
			isa = PBXProject;
			attributes = {
				BuildIndependentTargetsInParallel = 1;
				KnownAssetTags = (
					New,
				);
				LastSwiftUpdateCheck = 1420;
				LastUpgradeCheck = 1420;
				TargetAttributes = {
					4A8FFA4B29C9E1FD00FB76C0 = {
						CreatedOnToolsVersion = 14.2;
					};
				};
			};
			buildConfigurationList = 4A8FFA4729C9E1FD00FB76C0 /* Build configuration list for PBXProject "Smeem-iOS" */;
			compatibilityVersion = "Xcode 14.0";
			developmentRegion = ko;
			hasScannedForEncodings = 0;
			knownRegions = (
				ko,
				Base,
			);
			mainGroup = 4A8FFA4329C9E1FD00FB76C0;
			packageReferences = (
				4AA942C02A2767D000A552A0 /* XCRemoteSwiftPackageReference "FSCalendar" */,
				4AA942C32A2767D900A552A0 /* XCRemoteSwiftPackageReference "SnapKit" */,
				4AA942CB2A276A9F00A552A0 /* XCRemoteSwiftPackageReference "Moya" */,
				4AA942CE2A276AFF00A552A0 /* XCRemoteSwiftPackageReference "firebase-ios-sdk" */,
				4AA942D32A276C7900A552A0 /* XCRemoteSwiftPackageReference "kakao-ios-sdk" */,
				A301B0A02A30720F006BE0BA /* XCRemoteSwiftPackageReference "Kingfisher" */,
			);
			productRefGroup = 4A8FFA4D29C9E1FD00FB76C0 /* Products */;
			projectDirPath = "";
			projectRoot = "";
			targets = (
				4A8FFA4B29C9E1FD00FB76C0 /* Smeem-iOS */,
			);
		};
/* End PBXProject section */

/* Begin PBXResourcesBuildPhase section */
		4A8FFA4A29C9E1FD00FB76C0 /* Resources */ = {
			isa = PBXResourcesBuildPhase;
			buildActionMask = 2147483647;
			files = (
				4A8FFA5C29C9E1FE00FB76C0 /* LaunchScreen.storyboard in Resources */,
				4A47164F29F907FE00CBE9C8 /* Shared.xcconfig in Resources */,
				4AC9489829ED800800489C2B /* GoogleService-Info.plist in Resources */,
				4AA1EEEA2A5873A00017FF97 /* Urbanist-SemiBold.otf in Resources */,
				37A574DB29FF9FFF00312453 /* Pretendard-Medium.otf in Resources */,
				37A574D929FF9FFF00312453 /* Pretendard-SemiBold.otf in Resources */,
				37A574DA29FF9FFF00312453 /* Pretendard-Regular.otf in Resources */,
				4A8FFA5929C9E1FE00FB76C0 /* Assets.xcassets in Resources */,
				37A574DC29FF9FFF00312453 /* Pretendard-Bold.otf in Resources */,
			);
			runOnlyForDeploymentPostprocessing = 0;
		};
/* End PBXResourcesBuildPhase section */

/* Begin PBXSourcesBuildPhase section */
		4A8FFA4829C9E1FD00FB76C0 /* Sources */ = {
			isa = PBXSourcesBuildPhase;
			buildActionMask = 2147483647;
			files = (
				4AF1D2AC2AC06F81004C3AB7 /* LoginManagerImpl.swift in Sources */,
				371E94162A87B83D0098280F /* NextButtonDelegate.swift in Sources */,
				4AF1D2AE2AC06FA1004C3AB7 /* LoginServiceImpl.swift in Sources */,
				4A3774822A42DF4500357DD1 /* NetworkHeader.swift in Sources */,
				4A0123572AAA088C00E09646 /* NetworkError.swift in Sources */,
				37DCA6742A484D5900FF8F90 /* PostDiaryAPI.swift in Sources */,
				4A9FAB472A4C3D1200C40D5A /* BadgeListTableViewCell.swift in Sources */,
				373E38592A2F889500DF96F0 /* DiaryDetailRandomSubjectView.swift in Sources */,
				4AA6266B2AC1BD9800F31AAE /* MyPageAuthEndPoint.swift in Sources */,
				6F294A3E2A26177B00856CC8 /* GoalViewController.swift in Sources */,
				37A271642AA6078C001FFC38 /* SmeemNavigationBar.swift in Sources */,
				4A6630392A51E04600D19CC9 /* PatchDiaryRequest.swift in Sources */,
				4AF58CE92A4820AA00305248 /* AuthModel.swift in Sources */,
				3761116C2A278D0E0095EC5A /* String+.swift in Sources */,
				4AEB82952A4CB4F200C1114B /* BadgePopupViewController.swift in Sources */,
				4AB8ED822AC2DFFD00177106 /* MyPageEditServiceImpl.swift in Sources */,
				4A3774842A42E6EA00357DD1 /* SharedConstant.swift in Sources */,
				4AB6FEBE2AC03C9E0060E8CA /* SplashEndPoint.swift in Sources */,
				6F294A402A26178300856CC8 /* HowOnboardingViewController.swift in Sources */,
				6FBC856B2A4B1F9200A43F98 /* MyPageViewController.swift in Sources */,
				6FBC85742A4B603A00A43F98 /* MyPageModel.swift in Sources */,
				6F294A482A27818200856CC8 /* HomeViewFloatingViewController.swift in Sources */,
				37A574C529FF6EA800312453 /* FontLiterals.swift in Sources */,
				379789052AAC706800C61EF4 /* SmeemNavigationFactory.swift in Sources */,
				37DCA65D2A475B5100FF8F90 /* RandomSubjectResponse.swift in Sources */,
				4A9FAB452A4C3D1200C40D5A /* BadgeListViewController.swift in Sources */,
				4AD923E92A0692C600FF5E27 /* LoginBottomSheetViewController.swift in Sources */,
				6F294A462A2617D500856CC8 /* HowLearningView.swift in Sources */,
				371E940C2A87A1E00098280F /* GoalOnboardingView.swift in Sources */,
				37A574CC29FF990E00312453 /* UIViewController+.swift in Sources */,
				4A9E10E42A43468600295D07 /* BaseTargetType.swift in Sources */,
				4AF9E3F62AC4156000104768 /* NicknameModel.swift in Sources */,
				37A574C329FF6E9C00312453 /* Constant.swift in Sources */,
				4A0123552AAA087D00E09646 /* BaseResponse.swift in Sources */,
				4AE35E9E2A7FE8CE00465FD5 /* UICollectionViewCell+.swift in Sources */,
				37DCA67C2A48927400FF8F90 /* PapagoService.swift in Sources */,
				4A3F2EA02A0C18B600F6AC60 /* DatePickerFooterView.swift in Sources */,
				37B360AA2AC2A4680006C8ED /* SmeemTextView.swift in Sources */,
				6FE1298C2A498338005536C4 /* HomeService.swift in Sources */,
				4AD04B3D2A190E9A004B7A58 /* UITextView+.swift in Sources */,
				4A01235B2AAA178500E09646 /* HttpMethod.swift in Sources */,
				6F31802F2A24D1DB00089870 /* CalendarCell.swift in Sources */,
				6FE1298A2A4982DA005536C4 /* HomeAPI.swift in Sources */,
				374F828E2AC5DFFE00C128B9 /* DiaryBottomView.swift in Sources */,
				4A3F2E972A0ABBAA00F6AC60 /* AlarmCollectionViewCell.swift in Sources */,
				379789032AAC705B00C61EF4 /* NavigationBarActionDelegate.swift in Sources */,
				4AE35E9C2A7FDC4200465FD5 /* ServiceAcceptTotalCollectionViewCell.swift in Sources */,
				37DCA6572A47574300FF8F90 /* RandomSubjectAPI.swift in Sources */,
				37DCA6672A480A7300FF8F90 /* DetailDiaryService.swift in Sources */,
				A3D7ECB72A26566A009857D6 /* EditNicknameViewController.swift in Sources */,
				371E94192A87DA960098280F /* EditGoalViewController.swift in Sources */,
				6FE129902A49A5A6005536C4 /* Date+.swift in Sources */,
				4A0EA2882AC3265D00EB4098 /* NicknameValidEndPoint.swift in Sources */,
				4AA6266D2AC1C2AF00F31AAE /* MyPageAuthServiceImpl.swift in Sources */,
				6F294A412A26178600856CC8 /* AlarmSettingViewController.swift in Sources */,
				6F62668C2A04EA3B000365CD /* HomeViewController.swift in Sources */,
				4AD04B3B2A1905BB004B7A58 /* DiaryScrollerView.swift in Sources */,
				4A3373F52A45BF6600EFE6C4 /* OnboardingService.swift in Sources */,
				4AA626692AC1BB9200F31AAE /* MyPageManagerImpl.swift in Sources */,
				4A6630362A51B0AD00D19CC9 /* EditDiaryViewController.swift in Sources */,
				4A3F2E9C2A0B4C7100F6AC60 /* AlarmCollectionView.swift in Sources */,
				37DCA6602A48033400FF8F90 /* DetailDiaryViewController.swift in Sources */,
				4A0EA4572A01403E006CCE52 /* MoyaLoggingPlugin.swift in Sources */,
				4A0E8D5829F8362E00E0FC23 /* AuthViewController.swift in Sources */,
				6F294A452A2617B000856CC8 /* UITextField+.swift in Sources */,
				37A574C829FF6F1C00312453 /* UIView+.swift in Sources */,
				37A574D029FF9AEE00312453 /* UILabel+.swift in Sources */,
				37A574CE29FF9A2D00312453 /* UIScreen+.swift in Sources */,
				37DCA6722A484D5000FF8F90 /* PostDiaryService.swift in Sources */,
				379789072AAC707700C61EF4 /* NavigationBarType.swift in Sources */,
				37DCA67A2A4891BD00FF8F90 /* PapagoAPI.swift in Sources */,
				4AB8ED842AC2E8DD00177106 /* MyPageEditManagerImpl.swift in Sources */,
				37DCA6702A484D3700FF8F90 /* PostDiaryRequest.swift in Sources */,
				4A7BE75D2ABB4B9800070E83 /* BaseEndPoint.swift in Sources */,
				4A01235D2AAA2BFA00E09646 /* ViewControllerServiceable.swift in Sources */,
				4A0EA4592A014103006CCE52 /* URLConstant.swift in Sources */,
				4ADA41772A556209001C0285 /* LoadingView.swift in Sources */,
				4ADCA2D62A9272E9002904EB /* EditAlarmViewController.swift in Sources */,
				6F294A432A26179700856CC8 /* ServiceAcceptViewController.swift in Sources */,
				4AD04B402A1921AE004B7A58 /* CorrectionViewController.swift in Sources */,
				4A37748A2A433A6500357DD1 /* OnboardingModel.swift in Sources */,
				4A1882FA2A8BBD0D0088F590 /* SmeemStartViewController.swift in Sources */,
				3728B8D32A2CFED300EF4CF8 /* ForeignDiaryViewController.swift in Sources */,
				4ABE3FD12A811F8400D1D22E /* SplashViewController.swift in Sources */,
				4AD923EB2A0692EA00FF5E27 /* BottomSheetView.swift in Sources */,
				4AA6266F2AC1C2C700F31AAE /* MyPageAuthManagerImpl.swift in Sources */,
				4A9FAB492A4C3D1200C40D5A /* DetailBadgeCollectionViewCell.swift in Sources */,
				37DCA6652A48052200FF8F90 /* DetailDiaryResponse.swift in Sources */,
				4AC4B82D2A2F9FE200E147AA /* UserDefaultsManager.swift in Sources */,
				37A574E02A00CDCD00312453 /* SeparationLine.swift in Sources */,
				4AF9E3F92AC415C100104768 /* PlanModel.swift in Sources */,
				3728B8D72A2CFF3A00EF4CF8 /* StepTwoKoreanDiaryViewController.swift in Sources */,
				37DCA66E2A484D3100FF8F90 /* PostDiaryResponse.swift in Sources */,
				4A0EA28A2AC32A6C00EB4098 /* NicknameValidServiceImpl.swift in Sources */,
				4A0EA4552A014027006CCE52 /* GeneralResponse.swift in Sources */,
				4A7BE7612ABB5BC800070E83 /* Requestable.swift in Sources */,
				4A9FAB482A4C3D1200C40D5A /* BadgeHeaderView.swift in Sources */,
				4A8FFA5029C9E1FD00FB76C0 /* AppDelegate.swift in Sources */,
				4AA626672AC1B92D00F31AAE /* MyPageServiceImpl.swift in Sources */,
				4AF1D2AA2AC06D41004C3AB7 /* LoginEndPoint.swift in Sources */,
				6FE1298E2A4986CA005536C4 /* HomeDiaryResponse.swift in Sources */,
				3728B8D52A2CFF2C00EF4CF8 /* StepOneKoreanDiaryViewController.swift in Sources */,
				37DCA6692A480A8E00FF8F90 /* DetailDiaryAPI.swift in Sources */,
				37A574C129FF6E9100312453 /* ColorLiterals.swift in Sources */,
				37A574CA29FF980F00312453 /* UIStackView+.swift in Sources */,
				6F294A422A26178C00856CC8 /* UserNickNameViewController.swift in Sources */,
				4AC047252A8FCAE100EBDC0E /* AuthManagementViewController.swift in Sources */,
				374FAF812A2CACCF00237A1A /* DiaryViewController.swift in Sources */,
				37DCA6782A488CEB00FF8F90 /* PapagoResponse.swift in Sources */,
				37DCA65A2A47598700FF8F90 /* RandomSubjectService.swift in Sources */,
				4A01235F2AAA2C1500E09646 /* SmeemLoadingView.swift in Sources */,
				4A0123592AAA0DEC00E09646 /* NetworkRequest.swift in Sources */,
				3728B8D12A2CFE0B00EF4CF8 /* DiaryStrategies.swift in Sources */,
				4AF1D2B02AC08090004C3AB7 /* Encodable+.swift in Sources */,
				4AB6FEBA2AC02CAF0060E8CA /* SplashManagerImpl.swift in Sources */,
				4AB8ED802AC2B00C00177106 /* MyPageEditEndPoint.swift in Sources */,
				371E94132A87A8660098280F /* GoalCollectionViewDataSource.swift in Sources */,
				4A0EA28C2AC32BF800EB4098 /* NicknameValidManagerImpl.swift in Sources */,
				6F294A442A26179900856CC8 /* ServiceAcceptCollectionViewCell.swift in Sources */,
				4A9FAB462A4C3D1200C40D5A /* BadgeModel.swift in Sources */,
				6F294A3F2A26177E00856CC8 /* GoalCollectionViewCell.swift in Sources */,
				37A574E62A02178D00312453 /* SmeemToastView.swift in Sources */,
				374F828C2AC327A200C128B9 /* SmeemTextViewManager.swift in Sources */,
				4A8FFA5229C9E1FD00FB76C0 /* SceneDelegate.swift in Sources */,
				3797891C2AAE11D400C61EF4 /* NavigationBarConfigurationBuilder.swift in Sources */,
				4A3373F82A461ABC00EFE6C4 /* OnboardingAPI.swift in Sources */,
				4AA626652AC1B6B000F31AAE /* MyPageEndPoint.swift in Sources */,
				4AB6FEBC2AC02D250060E8CA /* SplashServiceImpl.swift in Sources */,
				37A574E82A02424F00312453 /* RandomSubjectView.swift in Sources */,
				4A0EA4642A014710006CCE52 /* SmeemButton.swift in Sources */,
				37EB69E62A4B3BC400075E4E /* DataBindProtocol.swift in Sources */,
				371E940E2A87A2030098280F /* GoalEditMypageView.swift in Sources */,
			);
			runOnlyForDeploymentPostprocessing = 0;
		};
/* End PBXSourcesBuildPhase section */

/* Begin PBXVariantGroup section */
		4A8FFA5A29C9E1FE00FB76C0 /* LaunchScreen.storyboard */ = {
			isa = PBXVariantGroup;
			children = (
				4A8FFA5B29C9E1FE00FB76C0 /* Base */,
			);
			name = LaunchScreen.storyboard;
			sourceTree = "<group>";
		};
/* End PBXVariantGroup section */

/* Begin XCBuildConfiguration section */
		4A8FFA5E29C9E1FE00FB76C0 /* Debug */ = {
			isa = XCBuildConfiguration;
			buildSettings = {
				ALWAYS_SEARCH_USER_PATHS = NO;
				CLANG_ANALYZER_NONNULL = YES;
				CLANG_ANALYZER_NUMBER_OBJECT_CONVERSION = YES_AGGRESSIVE;
				CLANG_CXX_LANGUAGE_STANDARD = "gnu++20";
				CLANG_ENABLE_MODULES = YES;
				CLANG_ENABLE_OBJC_ARC = YES;
				CLANG_ENABLE_OBJC_WEAK = YES;
				CLANG_WARN_BLOCK_CAPTURE_AUTORELEASING = YES;
				CLANG_WARN_BOOL_CONVERSION = YES;
				CLANG_WARN_COMMA = YES;
				CLANG_WARN_CONSTANT_CONVERSION = YES;
				CLANG_WARN_DEPRECATED_OBJC_IMPLEMENTATIONS = YES;
				CLANG_WARN_DIRECT_OBJC_ISA_USAGE = YES_ERROR;
				CLANG_WARN_DOCUMENTATION_COMMENTS = YES;
				CLANG_WARN_EMPTY_BODY = YES;
				CLANG_WARN_ENUM_CONVERSION = YES;
				CLANG_WARN_INFINITE_RECURSION = YES;
				CLANG_WARN_INT_CONVERSION = YES;
				CLANG_WARN_NON_LITERAL_NULL_CONVERSION = YES;
				CLANG_WARN_OBJC_IMPLICIT_RETAIN_SELF = YES;
				CLANG_WARN_OBJC_LITERAL_CONVERSION = YES;
				CLANG_WARN_OBJC_ROOT_CLASS = YES_ERROR;
				CLANG_WARN_QUOTED_INCLUDE_IN_FRAMEWORK_HEADER = YES;
				CLANG_WARN_RANGE_LOOP_ANALYSIS = YES;
				CLANG_WARN_STRICT_PROTOTYPES = YES;
				CLANG_WARN_SUSPICIOUS_MOVE = YES;
				CLANG_WARN_UNGUARDED_AVAILABILITY = YES_AGGRESSIVE;
				CLANG_WARN_UNREACHABLE_CODE = YES;
				CLANG_WARN__DUPLICATE_METHOD_MATCH = YES;
				COPY_PHASE_STRIP = NO;
				DEBUG_INFORMATION_FORMAT = dwarf;
				ENABLE_STRICT_OBJC_MSGSEND = YES;
				ENABLE_TESTABILITY = YES;
				GCC_C_LANGUAGE_STANDARD = gnu11;
				GCC_DYNAMIC_NO_PIC = NO;
				GCC_NO_COMMON_BLOCKS = YES;
				GCC_OPTIMIZATION_LEVEL = 0;
				GCC_PREPROCESSOR_DEFINITIONS = (
					"DEBUG=1",
					"$(inherited)",
				);
				GCC_WARN_64_TO_32_BIT_CONVERSION = YES;
				GCC_WARN_ABOUT_RETURN_TYPE = YES_ERROR;
				GCC_WARN_UNDECLARED_SELECTOR = YES;
				GCC_WARN_UNINITIALIZED_AUTOS = YES_AGGRESSIVE;
				GCC_WARN_UNUSED_FUNCTION = YES;
				GCC_WARN_UNUSED_VARIABLE = YES;
				IPHONEOS_DEPLOYMENT_TARGET = 16.2;
				MTL_ENABLE_DEBUG_INFO = INCLUDE_SOURCE;
				MTL_FAST_MATH = YES;
				ONLY_ACTIVE_ARCH = YES;
				SDKROOT = iphoneos;
				SWIFT_ACTIVE_COMPILATION_CONDITIONS = DEBUG;
				SWIFT_OPTIMIZATION_LEVEL = "-Onone";
			};
			name = Debug;
		};
		4A8FFA5F29C9E1FE00FB76C0 /* Release */ = {
			isa = XCBuildConfiguration;
			buildSettings = {
				ALWAYS_SEARCH_USER_PATHS = NO;
				CLANG_ANALYZER_NONNULL = YES;
				CLANG_ANALYZER_NUMBER_OBJECT_CONVERSION = YES_AGGRESSIVE;
				CLANG_CXX_LANGUAGE_STANDARD = "gnu++20";
				CLANG_ENABLE_MODULES = YES;
				CLANG_ENABLE_OBJC_ARC = YES;
				CLANG_ENABLE_OBJC_WEAK = YES;
				CLANG_WARN_BLOCK_CAPTURE_AUTORELEASING = YES;
				CLANG_WARN_BOOL_CONVERSION = YES;
				CLANG_WARN_COMMA = YES;
				CLANG_WARN_CONSTANT_CONVERSION = YES;
				CLANG_WARN_DEPRECATED_OBJC_IMPLEMENTATIONS = YES;
				CLANG_WARN_DIRECT_OBJC_ISA_USAGE = YES_ERROR;
				CLANG_WARN_DOCUMENTATION_COMMENTS = YES;
				CLANG_WARN_EMPTY_BODY = YES;
				CLANG_WARN_ENUM_CONVERSION = YES;
				CLANG_WARN_INFINITE_RECURSION = YES;
				CLANG_WARN_INT_CONVERSION = YES;
				CLANG_WARN_NON_LITERAL_NULL_CONVERSION = YES;
				CLANG_WARN_OBJC_IMPLICIT_RETAIN_SELF = YES;
				CLANG_WARN_OBJC_LITERAL_CONVERSION = YES;
				CLANG_WARN_OBJC_ROOT_CLASS = YES_ERROR;
				CLANG_WARN_QUOTED_INCLUDE_IN_FRAMEWORK_HEADER = YES;
				CLANG_WARN_RANGE_LOOP_ANALYSIS = YES;
				CLANG_WARN_STRICT_PROTOTYPES = YES;
				CLANG_WARN_SUSPICIOUS_MOVE = YES;
				CLANG_WARN_UNGUARDED_AVAILABILITY = YES_AGGRESSIVE;
				CLANG_WARN_UNREACHABLE_CODE = YES;
				CLANG_WARN__DUPLICATE_METHOD_MATCH = YES;
				COPY_PHASE_STRIP = NO;
				DEBUG_INFORMATION_FORMAT = "dwarf-with-dsym";
				ENABLE_NS_ASSERTIONS = NO;
				ENABLE_STRICT_OBJC_MSGSEND = YES;
				GCC_C_LANGUAGE_STANDARD = gnu11;
				GCC_NO_COMMON_BLOCKS = YES;
				GCC_WARN_64_TO_32_BIT_CONVERSION = YES;
				GCC_WARN_ABOUT_RETURN_TYPE = YES_ERROR;
				GCC_WARN_UNDECLARED_SELECTOR = YES;
				GCC_WARN_UNINITIALIZED_AUTOS = YES_AGGRESSIVE;
				GCC_WARN_UNUSED_FUNCTION = YES;
				GCC_WARN_UNUSED_VARIABLE = YES;
				IPHONEOS_DEPLOYMENT_TARGET = 16.2;
				MTL_ENABLE_DEBUG_INFO = NO;
				MTL_FAST_MATH = YES;
				SDKROOT = iphoneos;
				SWIFT_COMPILATION_MODE = wholemodule;
				SWIFT_OPTIMIZATION_LEVEL = "-O";
				VALIDATE_PRODUCT = YES;
			};
			name = Release;
		};
		4A8FFA6129C9E1FE00FB76C0 /* Debug */ = {
			isa = XCBuildConfiguration;
			baseConfigurationReference = 4A47164E29F907FE00CBE9C8 /* Shared.xcconfig */;
			buildSettings = {
				ASSETCATALOG_COMPILER_APPICON_NAME = AppIcon;
				ASSETCATALOG_COMPILER_GLOBAL_ACCENT_COLOR_NAME = AccentColor;
				CODE_SIGN_ENTITLEMENTS = "Smeem-iOS/Smeem-iOS.entitlements";
				CODE_SIGN_IDENTITY = "Apple Development";
				"CODE_SIGN_IDENTITY[sdk=iphoneos*]" = "iPhone Developer";
				CODE_SIGN_STYLE = Manual;
				CURRENT_PROJECT_VERSION = 2023083001;
				DEVELOPMENT_TEAM = "";
				"DEVELOPMENT_TEAM[sdk=iphoneos*]" = J5UBGNBDYX;
				GENERATE_INFOPLIST_FILE = YES;
				INFOPLIST_FILE = "Smeem-iOS/Info.plist";
				INFOPLIST_KEY_CFBundleDisplayName = smeem;
				INFOPLIST_KEY_UIApplicationSupportsIndirectInputEvents = YES;
				INFOPLIST_KEY_UILaunchStoryboardName = LaunchScreen;
				INFOPLIST_KEY_UISupportedInterfaceOrientations_iPad = "UIInterfaceOrientationPortrait UIInterfaceOrientationPortraitUpsideDown UIInterfaceOrientationLandscapeLeft UIInterfaceOrientationLandscapeRight";
				INFOPLIST_KEY_UISupportedInterfaceOrientations_iPhone = "UIInterfaceOrientationPortrait UIInterfaceOrientationLandscapeLeft UIInterfaceOrientationLandscapeRight";
				INFOPLIST_KEY_UIUserInterfaceStyle = Light;
				IPHONEOS_DEPLOYMENT_TARGET = 15.0;
				LD_RUNPATH_SEARCH_PATHS = (
					"$(inherited)",
					"@executable_path/Frameworks",
				);
				MARKETING_VERSION = 1.0.3;
				PRODUCT_BUNDLE_IDENTIFIER = "Team.Smeem-iOS";
				PRODUCT_NAME = "$(TARGET_NAME)";
				PROVISIONING_PROFILE_SPECIFIER = "";
				"PROVISIONING_PROFILE_SPECIFIER[sdk=iphoneos*]" = smeem_debug;
				SUPPORTED_PLATFORMS = "iphoneos iphonesimulator";
				SUPPORTS_MACCATALYST = NO;
				SUPPORTS_MAC_DESIGNED_FOR_IPHONE_IPAD = YES;
				SWIFT_EMIT_LOC_STRINGS = YES;
				SWIFT_VERSION = 5.0;
				TARGETED_DEVICE_FAMILY = 1;
			};
			name = Debug;
		};
		4A8FFA6229C9E1FE00FB76C0 /* Release */ = {
			isa = XCBuildConfiguration;
			baseConfigurationReference = 4A47164E29F907FE00CBE9C8 /* Shared.xcconfig */;
			buildSettings = {
				ASSETCATALOG_COMPILER_APPICON_NAME = AppIcon;
				ASSETCATALOG_COMPILER_GLOBAL_ACCENT_COLOR_NAME = AccentColor;
				CODE_SIGN_ENTITLEMENTS = "Smeem-iOS/Smeem-iOS.entitlements";
				CODE_SIGN_IDENTITY = "Apple Development";
				"CODE_SIGN_IDENTITY[sdk=iphoneos*]" = "iPhone Distribution";
				CODE_SIGN_STYLE = Manual;
				CURRENT_PROJECT_VERSION = 2023083001;
				DEVELOPMENT_TEAM = "";
				"DEVELOPMENT_TEAM[sdk=iphoneos*]" = J5UBGNBDYX;
				GENERATE_INFOPLIST_FILE = YES;
				INFOPLIST_FILE = "Smeem-iOS/Info.plist";
				INFOPLIST_KEY_CFBundleDisplayName = smeem;
				INFOPLIST_KEY_UIApplicationSupportsIndirectInputEvents = YES;
				INFOPLIST_KEY_UILaunchStoryboardName = LaunchScreen;
				INFOPLIST_KEY_UISupportedInterfaceOrientations_iPad = "UIInterfaceOrientationPortrait UIInterfaceOrientationPortraitUpsideDown UIInterfaceOrientationLandscapeLeft UIInterfaceOrientationLandscapeRight";
				INFOPLIST_KEY_UISupportedInterfaceOrientations_iPhone = "UIInterfaceOrientationPortrait UIInterfaceOrientationLandscapeLeft UIInterfaceOrientationLandscapeRight";
				INFOPLIST_KEY_UIUserInterfaceStyle = Light;
				IPHONEOS_DEPLOYMENT_TARGET = 15.0;
				LD_RUNPATH_SEARCH_PATHS = (
					"$(inherited)",
					"@executable_path/Frameworks",
				);
				MARKETING_VERSION = 1.0.3;
				PRODUCT_BUNDLE_IDENTIFIER = "Team.Smeem-iOS";
				PRODUCT_NAME = "$(TARGET_NAME)";
				PROVISIONING_PROFILE_SPECIFIER = "";
				"PROVISIONING_PROFILE_SPECIFIER[sdk=iphoneos*]" = smeem_release;
				SUPPORTED_PLATFORMS = "iphoneos iphonesimulator";
				SUPPORTS_MACCATALYST = NO;
				SUPPORTS_MAC_DESIGNED_FOR_IPHONE_IPAD = YES;
				SWIFT_EMIT_LOC_STRINGS = YES;
				SWIFT_VERSION = 5.0;
				TARGETED_DEVICE_FAMILY = 1;
			};
			name = Release;
		};
/* End XCBuildConfiguration section */

/* Begin XCConfigurationList section */
		4A8FFA4729C9E1FD00FB76C0 /* Build configuration list for PBXProject "Smeem-iOS" */ = {
			isa = XCConfigurationList;
			buildConfigurations = (
				4A8FFA5E29C9E1FE00FB76C0 /* Debug */,
				4A8FFA5F29C9E1FE00FB76C0 /* Release */,
			);
			defaultConfigurationIsVisible = 0;
			defaultConfigurationName = Release;
		};
		4A8FFA6029C9E1FE00FB76C0 /* Build configuration list for PBXNativeTarget "Smeem-iOS" */ = {
			isa = XCConfigurationList;
			buildConfigurations = (
				4A8FFA6129C9E1FE00FB76C0 /* Debug */,
				4A8FFA6229C9E1FE00FB76C0 /* Release */,
			);
			defaultConfigurationIsVisible = 0;
			defaultConfigurationName = Release;
		};
/* End XCConfigurationList section */

/* Begin XCRemoteSwiftPackageReference section */
		4AA942C02A2767D000A552A0 /* XCRemoteSwiftPackageReference "FSCalendar" */ = {
			isa = XCRemoteSwiftPackageReference;
			repositoryURL = "https://github.com/WenchaoD/FSCalendar.git";
			requirement = {
				branch = master;
				kind = branch;
			};
		};
		4AA942C32A2767D900A552A0 /* XCRemoteSwiftPackageReference "SnapKit" */ = {
			isa = XCRemoteSwiftPackageReference;
			repositoryURL = "https://github.com/SnapKit/SnapKit";
			requirement = {
				branch = develop;
				kind = branch;
			};
		};
		4AA942CB2A276A9F00A552A0 /* XCRemoteSwiftPackageReference "Moya" */ = {
			isa = XCRemoteSwiftPackageReference;
			repositoryURL = "https://github.com/Moya/Moya.git";
			requirement = {
				branch = master;
				kind = branch;
			};
		};
		4AA942CE2A276AFF00A552A0 /* XCRemoteSwiftPackageReference "firebase-ios-sdk" */ = {
			isa = XCRemoteSwiftPackageReference;
			repositoryURL = "https://github.com/firebase/firebase-ios-sdk";
			requirement = {
				branch = master;
				kind = branch;
			};
		};
		4AA942D32A276C7900A552A0 /* XCRemoteSwiftPackageReference "kakao-ios-sdk" */ = {
			isa = XCRemoteSwiftPackageReference;
			repositoryURL = "https://github.com/kakao/kakao-ios-sdk";
			requirement = {
				branch = master;
				kind = branch;
			};
		};
		A301B0A02A30720F006BE0BA /* XCRemoteSwiftPackageReference "Kingfisher" */ = {
			isa = XCRemoteSwiftPackageReference;
			repositoryURL = "https://github.com/onevcat/Kingfisher";
			requirement = {
				kind = upToNextMajorVersion;
				minimumVersion = 7.0.0;
			};
		};
/* End XCRemoteSwiftPackageReference section */

/* Begin XCSwiftPackageProductDependency section */
		4AA942C12A2767D000A552A0 /* FSCalendar */ = {
			isa = XCSwiftPackageProductDependency;
			package = 4AA942C02A2767D000A552A0 /* XCRemoteSwiftPackageReference "FSCalendar" */;
			productName = FSCalendar;
		};
		4AA942C42A2767D900A552A0 /* SnapKit */ = {
			isa = XCSwiftPackageProductDependency;
			package = 4AA942C32A2767D900A552A0 /* XCRemoteSwiftPackageReference "SnapKit" */;
			productName = SnapKit;
		};
		4AA942CC2A276A9F00A552A0 /* Moya */ = {
			isa = XCSwiftPackageProductDependency;
			package = 4AA942CB2A276A9F00A552A0 /* XCRemoteSwiftPackageReference "Moya" */;
			productName = Moya;
		};
		4AA942CF2A276AFF00A552A0 /* FirebaseAnalyticsWithoutAdIdSupport */ = {
			isa = XCSwiftPackageProductDependency;
			package = 4AA942CE2A276AFF00A552A0 /* XCRemoteSwiftPackageReference "firebase-ios-sdk" */;
			productName = FirebaseAnalyticsWithoutAdIdSupport;
		};
		4AA942D12A276AFF00A552A0 /* FirebaseMessaging */ = {
			isa = XCSwiftPackageProductDependency;
			package = 4AA942CE2A276AFF00A552A0 /* XCRemoteSwiftPackageReference "firebase-ios-sdk" */;
			productName = FirebaseMessaging;
		};
		4AA942D42A276C7900A552A0 /* KakaoSDKAuth */ = {
			isa = XCSwiftPackageProductDependency;
			package = 4AA942D32A276C7900A552A0 /* XCRemoteSwiftPackageReference "kakao-ios-sdk" */;
			productName = KakaoSDKAuth;
		};
		4AA942D62A276C7900A552A0 /* KakaoSDKCommon */ = {
			isa = XCSwiftPackageProductDependency;
			package = 4AA942D32A276C7900A552A0 /* XCRemoteSwiftPackageReference "kakao-ios-sdk" */;
			productName = KakaoSDKCommon;
		};
		4AA942D82A276C7900A552A0 /* KakaoSDKUser */ = {
			isa = XCSwiftPackageProductDependency;
			package = 4AA942D32A276C7900A552A0 /* XCRemoteSwiftPackageReference "kakao-ios-sdk" */;
			productName = KakaoSDKUser;
		};
		A301B0A12A30720F006BE0BA /* Kingfisher */ = {
			isa = XCSwiftPackageProductDependency;
			package = A301B0A02A30720F006BE0BA /* XCRemoteSwiftPackageReference "Kingfisher" */;
			productName = Kingfisher;
		};
/* End XCSwiftPackageProductDependency section */
	};
	rootObject = 4A8FFA4429C9E1FD00FB76C0 /* Project object */;
}
